// !$*UTF8*$!
{
	archiveVersion = 1;
	classes = {
	};
	objectVersion = 46;
	objects = {

/* Begin PBXBuildFile section */
		3E03078D1CE33E21003CCA3F /* SensorsDetector.swift in Sources */ = {isa = PBXBuildFile; fileRef = 3E03078C1CE33E21003CCA3F /* SensorsDetector.swift */; };
		3E318DC71CE1F40D006F99B6 /* AudioLevelRecording.swift in Sources */ = {isa = PBXBuildFile; fileRef = 3E318DC61CE1F40D006F99B6 /* AudioLevelRecording.swift */; };
		3E318DCC1CE20211006F99B6 /* PublishViewController.swift in Sources */ = {isa = PBXBuildFile; fileRef = 3E318DCB1CE20211006F99B6 /* PublishViewController.swift */; };
		3E318DD31CE20EB0006F99B6 /* AudioRecorderViewController.swift in Sources */ = {isa = PBXBuildFile; fileRef = 3E318DD11CE20EB0006F99B6 /* AudioRecorderViewController.swift */; };
		3E68D59F1CCE384C002C8D63 /* LocationManager.swift in Sources */ = {isa = PBXBuildFile; fileRef = 3E68D59E1CCE384C002C8D63 /* LocationManager.swift */; };
		3E68D5A31CCE40B8002C8D63 /* SettingsViewController.swift in Sources */ = {isa = PBXBuildFile; fileRef = 3E68D5A21CCE40B8002C8D63 /* SettingsViewController.swift */; };
		3E68D5B81CCE45F8002C8D63 /* GenericCellImplementation.swift in Sources */ = {isa = PBXBuildFile; fileRef = 3E68D5A61CCE45F8002C8D63 /* GenericCellImplementation.swift */; };
		3E68D5B91CCE45F8002C8D63 /* OneLabelTableViewCell.swift in Sources */ = {isa = PBXBuildFile; fileRef = 3E68D5A81CCE45F8002C8D63 /* OneLabelTableViewCell.swift */; };
		3E68D5BA1CCE45F8002C8D63 /* OneLabelTableViewCell.xib in Resources */ = {isa = PBXBuildFile; fileRef = 3E68D5A91CCE45F8002C8D63 /* OneLabelTableViewCell.xib */; };
		3E68D5BB1CCE45F8002C8D63 /* SingleLabelWithImageCell.swift in Sources */ = {isa = PBXBuildFile; fileRef = 3E68D5AB1CCE45F8002C8D63 /* SingleLabelWithImageCell.swift */; };
		3E68D5BC1CCE45F8002C8D63 /* SingleLabelWithImageCell.xib in Resources */ = {isa = PBXBuildFile; fileRef = 3E68D5AC1CCE45F8002C8D63 /* SingleLabelWithImageCell.xib */; };
		3E68D5BD1CCE45F8002C8D63 /* TwoLabelLeftInfoCell.swift in Sources */ = {isa = PBXBuildFile; fileRef = 3E68D5AE1CCE45F8002C8D63 /* TwoLabelLeftInfoCell.swift */; };
		3E68D5BE1CCE45F8002C8D63 /* TwoLabelLeftInfoCellImplementation.xib in Resources */ = {isa = PBXBuildFile; fileRef = 3E68D5AF1CCE45F8002C8D63 /* TwoLabelLeftInfoCellImplementation.xib */; };
		3E68D5BF1CCE45F8002C8D63 /* SubtitelWithImageCell.xib in Resources */ = {isa = PBXBuildFile; fileRef = 3E68D5B11CCE45F8002C8D63 /* SubtitelWithImageCell.xib */; };
		3E68D5C01CCE45F8002C8D63 /* TwoLabelOneImageTableViewCell.swift in Sources */ = {isa = PBXBuildFile; fileRef = 3E68D5B21CCE45F8002C8D63 /* TwoLabelOneImageTableViewCell.swift */; };
		3E68D5C11CCE45F8002C8D63 /* IRCellViewModel.swift in Sources */ = {isa = PBXBuildFile; fileRef = 3E68D5B41CCE45F8002C8D63 /* IRCellViewModel.swift */; };
		3E68D5C21CCE45F8002C8D63 /* IRSectionViewModel.swift in Sources */ = {isa = PBXBuildFile; fileRef = 3E68D5B51CCE45F8002C8D63 /* IRSectionViewModel.swift */; };
		3E68D5C31CCE45F8002C8D63 /* IRTableView.swift in Sources */ = {isa = PBXBuildFile; fileRef = 3E68D5B71CCE45F8002C8D63 /* IRTableView.swift */; };
		3E68D5CA1CCE4621002C8D63 /* GenericViewControllerDecorator.swift in Sources */ = {isa = PBXBuildFile; fileRef = 3E68D5C51CCE4621002C8D63 /* GenericViewControllerDecorator.swift */; };
		3E68D5CB1CCE4621002C8D63 /* Generics.storyboard in Resources */ = {isa = PBXBuildFile; fileRef = 3E68D5C71CCE4621002C8D63 /* Generics.storyboard */; };
		3E68D5CC1CCE4621002C8D63 /* GenericTableViewController.swift in Sources */ = {isa = PBXBuildFile; fileRef = 3E68D5C81CCE4621002C8D63 /* GenericTableViewController.swift */; };
		3E68D5CD1CCE4621002C8D63 /* ViewControllerWithDecorator.swift in Sources */ = {isa = PBXBuildFile; fileRef = 3E68D5C91CCE4621002C8D63 /* ViewControllerWithDecorator.swift */; };
		3E68D5D01CCE4795002C8D63 /* SubscriptionOptions.swift in Sources */ = {isa = PBXBuildFile; fileRef = 3E68D5CF1CCE4794002C8D63 /* SubscriptionOptions.swift */; };
		3E68D5D21CCE4A67002C8D63 /* Subscription.swift in Sources */ = {isa = PBXBuildFile; fileRef = 3E68D5D11CCE4A67002C8D63 /* Subscription.swift */; };
		3E68D5D41CCE4D8C002C8D63 /* Alerts.swift in Sources */ = {isa = PBXBuildFile; fileRef = 3E68D5D31CCE4D8C002C8D63 /* Alerts.swift */; };
		3E68D5D61CCE5A31002C8D63 /* OneLabelRightImageTableViewCell.xib in Resources */ = {isa = PBXBuildFile; fileRef = 3E68D5D51CCE5A31002C8D63 /* OneLabelRightImageTableViewCell.xib */; };
		3EBD20D51CCE205100905452 /* AppDelegate.swift in Sources */ = {isa = PBXBuildFile; fileRef = 3EBD20D41CCE205100905452 /* AppDelegate.swift */; };
		3EBD20D71CCE205100905452 /* MapViewController.swift in Sources */ = {isa = PBXBuildFile; fileRef = 3EBD20D61CCE205100905452 /* MapViewController.swift */; };
		3EBD20DA1CCE205100905452 /* Main.storyboard in Resources */ = {isa = PBXBuildFile; fileRef = 3EBD20D81CCE205100905452 /* Main.storyboard */; };
		3EBD20DC1CCE205100905452 /* Assets.xcassets in Resources */ = {isa = PBXBuildFile; fileRef = 3EBD20DB1CCE205100905452 /* Assets.xcassets */; };
		3EBD20DF1CCE205100905452 /* LaunchScreen.storyboard in Resources */ = {isa = PBXBuildFile; fileRef = 3EBD20DD1CCE205100905452 /* LaunchScreen.storyboard */; };
		3EBD20EA1CCE205100905452 /* CUPUS_Mobile_brokerTests.swift in Sources */ = {isa = PBXBuildFile; fileRef = 3EBD20E91CCE205100905452 /* CUPUS_Mobile_brokerTests.swift */; };
		3EBD20F51CCE205100905452 /* CUPUS_Mobile_brokerUITests.swift in Sources */ = {isa = PBXBuildFile; fileRef = 3EBD20F41CCE205100905452 /* CUPUS_Mobile_brokerUITests.swift */; };
		3EBD210B1CCE21BA00905452 /* Wireframe.swift in Sources */ = {isa = PBXBuildFile; fileRef = 3EBD21091CCE21BA00905452 /* Wireframe.swift */; };
		3EBD210F1CCE2C0F00905452 /* BaseNavigationViewController.swift in Sources */ = {isa = PBXBuildFile; fileRef = 3EBD210D1CCE2C0F00905452 /* BaseNavigationViewController.swift */; };
		3EBD21101CCE2C0F00905452 /* TabbarControllerCreator.swift in Sources */ = {isa = PBXBuildFile; fileRef = 3EBD210E1CCE2C0F00905452 /* TabbarControllerCreator.swift */; };
		F9A6BA56F96E7DEF417D4A94 /* Pods_CUPUS_Mobile_broker.framework in Frameworks */ = {isa = PBXBuildFile; fileRef = 169E0AD8C714FF848AFF26AF /* Pods_CUPUS_Mobile_broker.framework */; };
/* End PBXBuildFile section */

/* Begin PBXContainerItemProxy section */
		3EBD20E61CCE205100905452 /* PBXContainerItemProxy */ = {
			isa = PBXContainerItemProxy;
			containerPortal = 3EBD20C91CCE205000905452 /* Project object */;
			proxyType = 1;
			remoteGlobalIDString = 3EBD20D01CCE205000905452;
			remoteInfo = "CUPUS Mobile broker";
		};
		3EBD20F11CCE205100905452 /* PBXContainerItemProxy */ = {
			isa = PBXContainerItemProxy;
			containerPortal = 3EBD20C91CCE205000905452 /* Project object */;
			proxyType = 1;
			remoteGlobalIDString = 3EBD20D01CCE205000905452;
			remoteInfo = "CUPUS Mobile broker";
		};
/* End PBXContainerItemProxy section */

/* Begin PBXFileReference section */
		169E0AD8C714FF848AFF26AF /* Pods_CUPUS_Mobile_broker.framework */ = {isa = PBXFileReference; explicitFileType = wrapper.framework; includeInIndex = 0; path = Pods_CUPUS_Mobile_broker.framework; sourceTree = BUILT_PRODUCTS_DIR; };
		3E03078C1CE33E21003CCA3F /* SensorsDetector.swift */ = {isa = PBXFileReference; fileEncoding = 4; lastKnownFileType = sourcecode.swift; name = SensorsDetector.swift; path = Publications/SensorsDetector.swift; sourceTree = "<group>"; };
		3E318DC61CE1F40D006F99B6 /* AudioLevelRecording.swift */ = {isa = PBXFileReference; fileEncoding = 4; lastKnownFileType = sourcecode.swift; path = AudioLevelRecording.swift; sourceTree = "<group>"; };
		3E318DCB1CE20211006F99B6 /* PublishViewController.swift */ = {isa = PBXFileReference; fileEncoding = 4; lastKnownFileType = sourcecode.swift; name = PublishViewController.swift; path = Publications/PublishViewController.swift; sourceTree = "<group>"; };
		3E318DD11CE20EB0006F99B6 /* AudioRecorderViewController.swift */ = {isa = PBXFileReference; fileEncoding = 4; lastKnownFileType = sourcecode.swift; name = AudioRecorderViewController.swift; path = Publications/Sensors/Audio/AudioRecorderViewController.swift; sourceTree = "<group>"; };
		3E68D59E1CCE384C002C8D63 /* LocationManager.swift */ = {isa = PBXFileReference; fileEncoding = 4; lastKnownFileType = sourcecode.swift; path = LocationManager.swift; sourceTree = "<group>"; };
		3E68D5A21CCE40B8002C8D63 /* SettingsViewController.swift */ = {isa = PBXFileReference; fileEncoding = 4; lastKnownFileType = sourcecode.swift; path = SettingsViewController.swift; sourceTree = "<group>"; };
		3E68D5A61CCE45F8002C8D63 /* GenericCellImplementation.swift */ = {isa = PBXFileReference; fileEncoding = 4; lastKnownFileType = sourcecode.swift; path = GenericCellImplementation.swift; sourceTree = "<group>"; };
		3E68D5A81CCE45F8002C8D63 /* OneLabelTableViewCell.swift */ = {isa = PBXFileReference; fileEncoding = 4; lastKnownFileType = sourcecode.swift; path = OneLabelTableViewCell.swift; sourceTree = "<group>"; };
		3E68D5A91CCE45F8002C8D63 /* OneLabelTableViewCell.xib */ = {isa = PBXFileReference; fileEncoding = 4; lastKnownFileType = file.xib; path = OneLabelTableViewCell.xib; sourceTree = "<group>"; };
		3E68D5AB1CCE45F8002C8D63 /* SingleLabelWithImageCell.swift */ = {isa = PBXFileReference; fileEncoding = 4; lastKnownFileType = sourcecode.swift; path = SingleLabelWithImageCell.swift; sourceTree = "<group>"; };
		3E68D5AC1CCE45F8002C8D63 /* SingleLabelWithImageCell.xib */ = {isa = PBXFileReference; fileEncoding = 4; lastKnownFileType = file.xib; path = SingleLabelWithImageCell.xib; sourceTree = "<group>"; };
		3E68D5AE1CCE45F8002C8D63 /* TwoLabelLeftInfoCell.swift */ = {isa = PBXFileReference; fileEncoding = 4; lastKnownFileType = sourcecode.swift; path = TwoLabelLeftInfoCell.swift; sourceTree = "<group>"; };
		3E68D5AF1CCE45F8002C8D63 /* TwoLabelLeftInfoCellImplementation.xib */ = {isa = PBXFileReference; fileEncoding = 4; lastKnownFileType = file.xib; path = TwoLabelLeftInfoCellImplementation.xib; sourceTree = "<group>"; };
		3E68D5B11CCE45F8002C8D63 /* SubtitelWithImageCell.xib */ = {isa = PBXFileReference; fileEncoding = 4; lastKnownFileType = file.xib; path = SubtitelWithImageCell.xib; sourceTree = "<group>"; };
		3E68D5B21CCE45F8002C8D63 /* TwoLabelOneImageTableViewCell.swift */ = {isa = PBXFileReference; fileEncoding = 4; lastKnownFileType = sourcecode.swift; path = TwoLabelOneImageTableViewCell.swift; sourceTree = "<group>"; };
		3E68D5B41CCE45F8002C8D63 /* IRCellViewModel.swift */ = {isa = PBXFileReference; fileEncoding = 4; lastKnownFileType = sourcecode.swift; path = IRCellViewModel.swift; sourceTree = "<group>"; };
		3E68D5B51CCE45F8002C8D63 /* IRSectionViewModel.swift */ = {isa = PBXFileReference; fileEncoding = 4; lastKnownFileType = sourcecode.swift; path = IRSectionViewModel.swift; sourceTree = "<group>"; };
		3E68D5B71CCE45F8002C8D63 /* IRTableView.swift */ = {isa = PBXFileReference; fileEncoding = 4; lastKnownFileType = sourcecode.swift; path = IRTableView.swift; sourceTree = "<group>"; };
		3E68D5C51CCE4621002C8D63 /* GenericViewControllerDecorator.swift */ = {isa = PBXFileReference; fileEncoding = 4; lastKnownFileType = sourcecode.swift; path = GenericViewControllerDecorator.swift; sourceTree = "<group>"; };
		3E68D5C71CCE4621002C8D63 /* Generics.storyboard */ = {isa = PBXFileReference; fileEncoding = 4; lastKnownFileType = file.storyboard; path = Generics.storyboard; sourceTree = "<group>"; };
		3E68D5C81CCE4621002C8D63 /* GenericTableViewController.swift */ = {isa = PBXFileReference; fileEncoding = 4; lastKnownFileType = sourcecode.swift; path = GenericTableViewController.swift; sourceTree = "<group>"; };
		3E68D5C91CCE4621002C8D63 /* ViewControllerWithDecorator.swift */ = {isa = PBXFileReference; fileEncoding = 4; lastKnownFileType = sourcecode.swift; path = ViewControllerWithDecorator.swift; sourceTree = "<group>"; };
		3E68D5CF1CCE4794002C8D63 /* SubscriptionOptions.swift */ = {isa = PBXFileReference; fileEncoding = 4; lastKnownFileType = sourcecode.swift; name = SubscriptionOptions.swift; path = Subscription/SubscriptionOptions.swift; sourceTree = "<group>"; };
		3E68D5D11CCE4A67002C8D63 /* Subscription.swift */ = {isa = PBXFileReference; fileEncoding = 4; lastKnownFileType = sourcecode.swift; name = Subscription.swift; path = Subscription/Subscription.swift; sourceTree = "<group>"; };
		3E68D5D31CCE4D8C002C8D63 /* Alerts.swift */ = {isa = PBXFileReference; fileEncoding = 4; lastKnownFileType = sourcecode.swift; path = Alerts.swift; sourceTree = "<group>"; };
		3E68D5D51CCE5A31002C8D63 /* OneLabelRightImageTableViewCell.xib */ = {isa = PBXFileReference; fileEncoding = 4; lastKnownFileType = file.xib; path = OneLabelRightImageTableViewCell.xib; sourceTree = "<group>"; };
		3EBD20D11CCE205000905452 /* CUPUS Mobile broker.app */ = {isa = PBXFileReference; explicitFileType = wrapper.application; includeInIndex = 0; path = "CUPUS Mobile broker.app"; sourceTree = BUILT_PRODUCTS_DIR; };
		3EBD20D41CCE205100905452 /* AppDelegate.swift */ = {isa = PBXFileReference; lastKnownFileType = sourcecode.swift; path = AppDelegate.swift; sourceTree = "<group>"; };
		3EBD20D61CCE205100905452 /* MapViewController.swift */ = {isa = PBXFileReference; lastKnownFileType = sourcecode.swift; path = MapViewController.swift; sourceTree = "<group>"; };
		3EBD20D91CCE205100905452 /* Base */ = {isa = PBXFileReference; lastKnownFileType = file.storyboard; name = Base; path = Base.lproj/Main.storyboard; sourceTree = "<group>"; };
		3EBD20DB1CCE205100905452 /* Assets.xcassets */ = {isa = PBXFileReference; lastKnownFileType = folder.assetcatalog; path = Assets.xcassets; sourceTree = "<group>"; };
		3EBD20DE1CCE205100905452 /* Base */ = {isa = PBXFileReference; lastKnownFileType = file.storyboard; name = Base; path = Base.lproj/LaunchScreen.storyboard; sourceTree = "<group>"; };
		3EBD20E01CCE205100905452 /* Info.plist */ = {isa = PBXFileReference; lastKnownFileType = text.plist.xml; path = Info.plist; sourceTree = "<group>"; };
		3EBD20E51CCE205100905452 /* CUPUS Mobile brokerTests.xctest */ = {isa = PBXFileReference; explicitFileType = wrapper.cfbundle; includeInIndex = 0; path = "CUPUS Mobile brokerTests.xctest"; sourceTree = BUILT_PRODUCTS_DIR; };
		3EBD20E91CCE205100905452 /* CUPUS_Mobile_brokerTests.swift */ = {isa = PBXFileReference; lastKnownFileType = sourcecode.swift; path = CUPUS_Mobile_brokerTests.swift; sourceTree = "<group>"; };
		3EBD20EB1CCE205100905452 /* Info.plist */ = {isa = PBXFileReference; lastKnownFileType = text.plist.xml; path = Info.plist; sourceTree = "<group>"; };
		3EBD20F01CCE205100905452 /* CUPUS Mobile brokerUITests.xctest */ = {isa = PBXFileReference; explicitFileType = wrapper.cfbundle; includeInIndex = 0; path = "CUPUS Mobile brokerUITests.xctest"; sourceTree = BUILT_PRODUCTS_DIR; };
		3EBD20F41CCE205100905452 /* CUPUS_Mobile_brokerUITests.swift */ = {isa = PBXFileReference; lastKnownFileType = sourcecode.swift; path = CUPUS_Mobile_brokerUITests.swift; sourceTree = "<group>"; };
		3EBD20F61CCE205100905452 /* Info.plist */ = {isa = PBXFileReference; lastKnownFileType = text.plist.xml; path = Info.plist; sourceTree = "<group>"; };
		3EBD21091CCE21BA00905452 /* Wireframe.swift */ = {isa = PBXFileReference; fileEncoding = 4; lastKnownFileType = sourcecode.swift; path = Wireframe.swift; sourceTree = "<group>"; };
		3EBD210D1CCE2C0F00905452 /* BaseNavigationViewController.swift */ = {isa = PBXFileReference; fileEncoding = 4; lastKnownFileType = sourcecode.swift; path = BaseNavigationViewController.swift; sourceTree = "<group>"; };
		3EBD210E1CCE2C0F00905452 /* TabbarControllerCreator.swift */ = {isa = PBXFileReference; fileEncoding = 4; lastKnownFileType = sourcecode.swift; path = TabbarControllerCreator.swift; sourceTree = "<group>"; };
		D3EE208AF18C868F5673730F /* Pods-CUPUS Mobile broker.release.xcconfig */ = {isa = PBXFileReference; includeInIndex = 1; lastKnownFileType = text.xcconfig; name = "Pods-CUPUS Mobile broker.release.xcconfig"; path = "Pods/Target Support Files/Pods-CUPUS Mobile broker/Pods-CUPUS Mobile broker.release.xcconfig"; sourceTree = "<group>"; };
		DA1397C073B35C59973C0D33 /* Pods-CUPUS Mobile broker.debug.xcconfig */ = {isa = PBXFileReference; includeInIndex = 1; lastKnownFileType = text.xcconfig; name = "Pods-CUPUS Mobile broker.debug.xcconfig"; path = "Pods/Target Support Files/Pods-CUPUS Mobile broker/Pods-CUPUS Mobile broker.debug.xcconfig"; sourceTree = "<group>"; };
/* End PBXFileReference section */

/* Begin PBXFrameworksBuildPhase section */
		3EBD20CE1CCE205000905452 /* Frameworks */ = {
			isa = PBXFrameworksBuildPhase;
			buildActionMask = 2147483647;
			files = (
				F9A6BA56F96E7DEF417D4A94 /* Pods_CUPUS_Mobile_broker.framework in Frameworks */,
			);
			runOnlyForDeploymentPostprocessing = 0;
		};
		3EBD20E21CCE205100905452 /* Frameworks */ = {
			isa = PBXFrameworksBuildPhase;
			buildActionMask = 2147483647;
			files = (
			);
			runOnlyForDeploymentPostprocessing = 0;
		};
		3EBD20ED1CCE205100905452 /* Frameworks */ = {
			isa = PBXFrameworksBuildPhase;
			buildActionMask = 2147483647;
			files = (
			);
			runOnlyForDeploymentPostprocessing = 0;
		};
/* End PBXFrameworksBuildPhase section */

/* Begin PBXGroup section */
		1666785EBCA6AA0C11363A3F /* Pods */ = {
			isa = PBXGroup;
			children = (
				DA1397C073B35C59973C0D33 /* Pods-CUPUS Mobile broker.debug.xcconfig */,
				D3EE208AF18C868F5673730F /* Pods-CUPUS Mobile broker.release.xcconfig */,
			);
			name = Pods;
			sourceTree = "<group>";
		};
		2FE088996C34E65000A2858E /* Frameworks */ = {
			isa = PBXGroup;
			children = (
				169E0AD8C714FF848AFF26AF /* Pods_CUPUS_Mobile_broker.framework */,
			);
			name = Frameworks;
			sourceTree = "<group>";
		};
		3E318DC51CE1F131006F99B6 /* Publications */ = {
			isa = PBXGroup;
			children = (
				3E318DC81CE201DB006F99B6 /* Sensors */,
				3E03078C1CE33E21003CCA3F /* SensorsDetector.swift */,
				3E318DCB1CE20211006F99B6 /* PublishViewController.swift */,
			);
			name = Publications;
			sourceTree = "<group>";
		};
		3E318DC81CE201DB006F99B6 /* Sensors */ = {
			isa = PBXGroup;
			children = (
				3E318DCD1CE20E6E006F99B6 /* Audio */,
			);
			name = Sensors;
			sourceTree = "<group>";
		};
		3E318DCD1CE20E6E006F99B6 /* Audio */ = {
			isa = PBXGroup;
			children = (
				3E318DD11CE20EB0006F99B6 /* AudioRecorderViewController.swift */,
			);
			name = Audio;
			sourceTree = "<group>";
		};
		3E68D5A41CCE45F8002C8D63 /* Table */ = {
			isa = PBXGroup;
			children = (
				3E68D5A51CCE45F8002C8D63 /* CellImplementation */,
				3E68D5B31CCE45F8002C8D63 /* Cells */,
				3E68D5B61CCE45F8002C8D63 /* Table */,
			);
			path = Table;
			sourceTree = "<group>";
		};
		3E68D5A51CCE45F8002C8D63 /* CellImplementation */ = {
			isa = PBXGroup;
			children = (
				3E68D5A61CCE45F8002C8D63 /* GenericCellImplementation.swift */,
				3E68D5A71CCE45F8002C8D63 /* OneLabel */,
				3E68D5AA1CCE45F8002C8D63 /* OneLabelWithImage */,
				3E68D5AD1CCE45F8002C8D63 /* TwoLabel */,
				3E68D5B01CCE45F8002C8D63 /* TwoLabelOneImage */,
			);
			path = CellImplementation;
			sourceTree = "<group>";
		};
		3E68D5A71CCE45F8002C8D63 /* OneLabel */ = {
			isa = PBXGroup;
			children = (
				3E68D5A81CCE45F8002C8D63 /* OneLabelTableViewCell.swift */,
				3E68D5A91CCE45F8002C8D63 /* OneLabelTableViewCell.xib */,
			);
			path = OneLabel;
			sourceTree = "<group>";
		};
		3E68D5AA1CCE45F8002C8D63 /* OneLabelWithImage */ = {
			isa = PBXGroup;
			children = (
				3E68D5AB1CCE45F8002C8D63 /* SingleLabelWithImageCell.swift */,
				3E68D5AC1CCE45F8002C8D63 /* SingleLabelWithImageCell.xib */,
				3E68D5D51CCE5A31002C8D63 /* OneLabelRightImageTableViewCell.xib */,
			);
			path = OneLabelWithImage;
			sourceTree = "<group>";
		};
		3E68D5AD1CCE45F8002C8D63 /* TwoLabel */ = {
			isa = PBXGroup;
			children = (
				3E68D5AE1CCE45F8002C8D63 /* TwoLabelLeftInfoCell.swift */,
				3E68D5AF1CCE45F8002C8D63 /* TwoLabelLeftInfoCellImplementation.xib */,
			);
			path = TwoLabel;
			sourceTree = "<group>";
		};
		3E68D5B01CCE45F8002C8D63 /* TwoLabelOneImage */ = {
			isa = PBXGroup;
			children = (
				3E68D5B11CCE45F8002C8D63 /* SubtitelWithImageCell.xib */,
				3E68D5B21CCE45F8002C8D63 /* TwoLabelOneImageTableViewCell.swift */,
			);
			path = TwoLabelOneImage;
			sourceTree = "<group>";
		};
		3E68D5B31CCE45F8002C8D63 /* Cells */ = {
			isa = PBXGroup;
			children = (
				3E68D5B41CCE45F8002C8D63 /* IRCellViewModel.swift */,
				3E68D5B51CCE45F8002C8D63 /* IRSectionViewModel.swift */,
			);
			path = Cells;
			sourceTree = "<group>";
		};
		3E68D5B61CCE45F8002C8D63 /* Table */ = {
			isa = PBXGroup;
			children = (
				3E68D5B71CCE45F8002C8D63 /* IRTableView.swift */,
			);
			path = Table;
			sourceTree = "<group>";
		};
		3E68D5C41CCE4621002C8D63 /* ViewController */ = {
			isa = PBXGroup;
			children = (
				3E68D5C51CCE4621002C8D63 /* GenericViewControllerDecorator.swift */,
				3E68D5C61CCE4621002C8D63 /* Table */,
				3E68D5C91CCE4621002C8D63 /* ViewControllerWithDecorator.swift */,
			);
			path = ViewController;
			sourceTree = "<group>";
		};
		3E68D5C61CCE4621002C8D63 /* Table */ = {
			isa = PBXGroup;
			children = (
				3E68D5C71CCE4621002C8D63 /* Generics.storyboard */,
				3E68D5C81CCE4621002C8D63 /* GenericTableViewController.swift */,
			);
			path = Table;
			sourceTree = "<group>";
		};
		3E68D5CE1CCE474C002C8D63 /* Subscription */ = {
			isa = PBXGroup;
			children = (
				3EBD20D61CCE205100905452 /* MapViewController.swift */,
				3E68D5CF1CCE4794002C8D63 /* SubscriptionOptions.swift */,
				3E68D5D11CCE4A67002C8D63 /* Subscription.swift */,
			);
			name = Subscription;
			sourceTree = "<group>";
		};
		3EBD20C81CCE205000905452 = {
			isa = PBXGroup;
			children = (
				3EBD20D31CCE205100905452 /* CUPUS Mobile broker */,
				3EBD20E81CCE205100905452 /* CUPUS Mobile brokerTests */,
				3EBD20F31CCE205100905452 /* CUPUS Mobile brokerUITests */,
				3EBD20D21CCE205000905452 /* Products */,
				1666785EBCA6AA0C11363A3F /* Pods */,
				2FE088996C34E65000A2858E /* Frameworks */,
			);
			sourceTree = "<group>";
		};
		3EBD20D21CCE205000905452 /* Products */ = {
			isa = PBXGroup;
			children = (
				3EBD20D11CCE205000905452 /* CUPUS Mobile broker.app */,
				3EBD20E51CCE205100905452 /* CUPUS Mobile brokerTests.xctest */,
				3EBD20F01CCE205100905452 /* CUPUS Mobile brokerUITests.xctest */,
			);
			name = Products;
			sourceTree = "<group>";
		};
		3EBD20D31CCE205100905452 /* CUPUS Mobile broker */ = {
			isa = PBXGroup;
			children = (
				3E318DC51CE1F131006F99B6 /* Publications */,
				3E68D5D31CCE4D8C002C8D63 /* Alerts.swift */,
				3E68D5CE1CCE474C002C8D63 /* Subscription */,
				3EBD21071CCE21BA00905452 /* Wireframe */,
				3E68D5A41CCE45F8002C8D63 /* Table */,
				3E68D5C41CCE4621002C8D63 /* ViewController */,
				3EBD20D41CCE205100905452 /* AppDelegate.swift */,
				3EBD20D81CCE205100905452 /* Main.storyboard */,
				3EBD20DB1CCE205100905452 /* Assets.xcassets */,
				3EBD20DD1CCE205100905452 /* LaunchScreen.storyboard */,
				3EBD20E01CCE205100905452 /* Info.plist */,
				3E68D5A21CCE40B8002C8D63 /* SettingsViewController.swift */,
				3E318DC61CE1F40D006F99B6 /* AudioLevelRecording.swift */,
				3E68D59E1CCE384C002C8D63 /* LocationManager.swift */,
			);
			path = "CUPUS Mobile broker";
			sourceTree = "<group>";
		};
		3EBD20E81CCE205100905452 /* CUPUS Mobile brokerTests */ = {
			isa = PBXGroup;
			children = (
				3EBD20E91CCE205100905452 /* CUPUS_Mobile_brokerTests.swift */,
				3EBD20EB1CCE205100905452 /* Info.plist */,
			);
			path = "CUPUS Mobile brokerTests";
			sourceTree = "<group>";
		};
		3EBD20F31CCE205100905452 /* CUPUS Mobile brokerUITests */ = {
			isa = PBXGroup;
			children = (
				3EBD20F41CCE205100905452 /* CUPUS_Mobile_brokerUITests.swift */,
				3EBD20F61CCE205100905452 /* Info.plist */,
			);
			path = "CUPUS Mobile brokerUITests";
			sourceTree = "<group>";
		};
		3EBD21071CCE21BA00905452 /* Wireframe */ = {
			isa = PBXGroup;
			children = (
				3EBD210C1CCE2C0F00905452 /* TabbarController */,
				3EBD21091CCE21BA00905452 /* Wireframe.swift */,
			);
			path = Wireframe;
			sourceTree = "<group>";
		};
		3EBD210C1CCE2C0F00905452 /* TabbarController */ = {
			isa = PBXGroup;
			children = (
				3EBD210D1CCE2C0F00905452 /* BaseNavigationViewController.swift */,
				3EBD210E1CCE2C0F00905452 /* TabbarControllerCreator.swift */,
			);
			path = TabbarController;
			sourceTree = "<group>";
		};
/* End PBXGroup section */

/* Begin PBXNativeTarget section */
		3EBD20D01CCE205000905452 /* CUPUS Mobile broker */ = {
			isa = PBXNativeTarget;
			buildConfigurationList = 3EBD20F91CCE205100905452 /* Build configuration list for PBXNativeTarget "CUPUS Mobile broker" */;
			buildPhases = (
				CBA8AF74AF74E5395FEBEA2E /* Check Pods Manifest.lock */,
				3EBD20CD1CCE205000905452 /* Sources */,
				3EBD20CE1CCE205000905452 /* Frameworks */,
				3EBD20CF1CCE205000905452 /* Resources */,
				4DD63D9FF28B6BB655B43D01 /* Embed Pods Frameworks */,
				A5FDF70BCB9DBCF71CAD7046 /* Copy Pods Resources */,
			);
			buildRules = (
			);
			dependencies = (
			);
			name = "CUPUS Mobile broker";
			productName = "CUPUS Mobile broker";
			productReference = 3EBD20D11CCE205000905452 /* CUPUS Mobile broker.app */;
			productType = "com.apple.product-type.application";
		};
		3EBD20E41CCE205100905452 /* CUPUS Mobile brokerTests */ = {
			isa = PBXNativeTarget;
			buildConfigurationList = 3EBD20FC1CCE205100905452 /* Build configuration list for PBXNativeTarget "CUPUS Mobile brokerTests" */;
			buildPhases = (
				3EBD20E11CCE205100905452 /* Sources */,
				3EBD20E21CCE205100905452 /* Frameworks */,
				3EBD20E31CCE205100905452 /* Resources */,
			);
			buildRules = (
			);
			dependencies = (
				3EBD20E71CCE205100905452 /* PBXTargetDependency */,
			);
			name = "CUPUS Mobile brokerTests";
			productName = "CUPUS Mobile brokerTests";
			productReference = 3EBD20E51CCE205100905452 /* CUPUS Mobile brokerTests.xctest */;
			productType = "com.apple.product-type.bundle.unit-test";
		};
		3EBD20EF1CCE205100905452 /* CUPUS Mobile brokerUITests */ = {
			isa = PBXNativeTarget;
			buildConfigurationList = 3EBD20FF1CCE205100905452 /* Build configuration list for PBXNativeTarget "CUPUS Mobile brokerUITests" */;
			buildPhases = (
				3EBD20EC1CCE205100905452 /* Sources */,
				3EBD20ED1CCE205100905452 /* Frameworks */,
				3EBD20EE1CCE205100905452 /* Resources */,
			);
			buildRules = (
			);
			dependencies = (
				3EBD20F21CCE205100905452 /* PBXTargetDependency */,
			);
			name = "CUPUS Mobile brokerUITests";
			productName = "CUPUS Mobile brokerUITests";
			productReference = 3EBD20F01CCE205100905452 /* CUPUS Mobile brokerUITests.xctest */;
			productType = "com.apple.product-type.bundle.ui-testing";
		};
/* End PBXNativeTarget section */

/* Begin PBXProject section */
		3EBD20C91CCE205000905452 /* Project object */ = {
			isa = PBXProject;
			attributes = {
				LastSwiftUpdateCheck = 0730;
				LastUpgradeCheck = 0730;
				ORGANIZATIONNAME = fer;
				TargetAttributes = {
					3EBD20D01CCE205000905452 = {
						CreatedOnToolsVersion = 7.3;
						DevelopmentTeam = UQ456767XG;
					};
					3EBD20E41CCE205100905452 = {
						CreatedOnToolsVersion = 7.3;
						TestTargetID = 3EBD20D01CCE205000905452;
					};
					3EBD20EF1CCE205100905452 = {
						CreatedOnToolsVersion = 7.3;
						TestTargetID = 3EBD20D01CCE205000905452;
					};
				};
			};
			buildConfigurationList = 3EBD20CC1CCE205000905452 /* Build configuration list for PBXProject "CUPUS Mobile broker" */;
			compatibilityVersion = "Xcode 3.2";
			developmentRegion = English;
			hasScannedForEncodings = 0;
			knownRegions = (
				en,
				Base,
			);
			mainGroup = 3EBD20C81CCE205000905452;
			productRefGroup = 3EBD20D21CCE205000905452 /* Products */;
			projectDirPath = "";
			projectRoot = "";
			targets = (
				3EBD20D01CCE205000905452 /* CUPUS Mobile broker */,
				3EBD20E41CCE205100905452 /* CUPUS Mobile brokerTests */,
				3EBD20EF1CCE205100905452 /* CUPUS Mobile brokerUITests */,
			);
		};
/* End PBXProject section */

/* Begin PBXResourcesBuildPhase section */
		3EBD20CF1CCE205000905452 /* Resources */ = {
			isa = PBXResourcesBuildPhase;
			buildActionMask = 2147483647;
			files = (
				3E68D5D61CCE5A31002C8D63 /* OneLabelRightImageTableViewCell.xib in Resources */,
				3EBD20DF1CCE205100905452 /* LaunchScreen.storyboard in Resources */,
				3EBD20DC1CCE205100905452 /* Assets.xcassets in Resources */,
				3E68D5CB1CCE4621002C8D63 /* Generics.storyboard in Resources */,
				3EBD20DA1CCE205100905452 /* Main.storyboard in Resources */,
				3E68D5BA1CCE45F8002C8D63 /* OneLabelTableViewCell.xib in Resources */,
				3E68D5BF1CCE45F8002C8D63 /* SubtitelWithImageCell.xib in Resources */,
				3E68D5BE1CCE45F8002C8D63 /* TwoLabelLeftInfoCellImplementation.xib in Resources */,
				3E68D5BC1CCE45F8002C8D63 /* SingleLabelWithImageCell.xib in Resources */,
			);
			runOnlyForDeploymentPostprocessing = 0;
		};
		3EBD20E31CCE205100905452 /* Resources */ = {
			isa = PBXResourcesBuildPhase;
			buildActionMask = 2147483647;
			files = (
			);
			runOnlyForDeploymentPostprocessing = 0;
		};
		3EBD20EE1CCE205100905452 /* Resources */ = {
			isa = PBXResourcesBuildPhase;
			buildActionMask = 2147483647;
			files = (
			);
			runOnlyForDeploymentPostprocessing = 0;
		};
/* End PBXResourcesBuildPhase section */

/* Begin PBXShellScriptBuildPhase section */
		4DD63D9FF28B6BB655B43D01 /* Embed Pods Frameworks */ = {
			isa = PBXShellScriptBuildPhase;
			buildActionMask = 2147483647;
			files = (
			);
			inputPaths = (
			);
			name = "Embed Pods Frameworks";
			outputPaths = (
			);
			runOnlyForDeploymentPostprocessing = 0;
			shellPath = /bin/sh;
			shellScript = "\"${SRCROOT}/Pods/Target Support Files/Pods-CUPUS Mobile broker/Pods-CUPUS Mobile broker-frameworks.sh\"\n";
			showEnvVarsInLog = 0;
		};
		A5FDF70BCB9DBCF71CAD7046 /* Copy Pods Resources */ = {
			isa = PBXShellScriptBuildPhase;
			buildActionMask = 2147483647;
			files = (
			);
			inputPaths = (
			);
			name = "Copy Pods Resources";
			outputPaths = (
			);
			runOnlyForDeploymentPostprocessing = 0;
			shellPath = /bin/sh;
			shellScript = "\"${SRCROOT}/Pods/Target Support Files/Pods-CUPUS Mobile broker/Pods-CUPUS Mobile broker-resources.sh\"\n";
			showEnvVarsInLog = 0;
		};
		CBA8AF74AF74E5395FEBEA2E /* Check Pods Manifest.lock */ = {
			isa = PBXShellScriptBuildPhase;
			buildActionMask = 2147483647;
			files = (
			);
			inputPaths = (
			);
			name = "Check Pods Manifest.lock";
			outputPaths = (
			);
			runOnlyForDeploymentPostprocessing = 0;
			shellPath = /bin/sh;
			shellScript = "diff \"${PODS_ROOT}/../Podfile.lock\" \"${PODS_ROOT}/Manifest.lock\" > /dev/null\nif [[ $? != 0 ]] ; then\n    cat << EOM\nerror: The sandbox is not in sync with the Podfile.lock. Run 'pod install' or update your CocoaPods installation.\nEOM\n    exit 1\nfi\n";
			showEnvVarsInLog = 0;
		};
/* End PBXShellScriptBuildPhase section */

/* Begin PBXSourcesBuildPhase section */
		3EBD20CD1CCE205000905452 /* Sources */ = {
			isa = PBXSourcesBuildPhase;
			buildActionMask = 2147483647;
			files = (
				3EBD210B1CCE21BA00905452 /* Wireframe.swift in Sources */,
				3E68D5D01CCE4795002C8D63 /* SubscriptionOptions.swift in Sources */,
				3EBD20D71CCE205100905452 /* MapViewController.swift in Sources */,
				3E68D5BD1CCE45F8002C8D63 /* TwoLabelLeftInfoCell.swift in Sources */,
				3E68D5B81CCE45F8002C8D63 /* GenericCellImplementation.swift in Sources */,
				3E68D5CA1CCE4621002C8D63 /* GenericViewControllerDecorator.swift in Sources */,
				3E68D59F1CCE384C002C8D63 /* LocationManager.swift in Sources */,
				3E68D5CD1CCE4621002C8D63 /* ViewControllerWithDecorator.swift in Sources */,
				3EBD21101CCE2C0F00905452 /* TabbarControllerCreator.swift in Sources */,
				3E68D5B91CCE45F8002C8D63 /* OneLabelTableViewCell.swift in Sources */,
				3E68D5BB1CCE45F8002C8D63 /* SingleLabelWithImageCell.swift in Sources */,
				3E68D5C21CCE45F8002C8D63 /* IRSectionViewModel.swift in Sources */,
				3E318DD31CE20EB0006F99B6 /* AudioRecorderViewController.swift in Sources */,
				3EBD20D51CCE205100905452 /* AppDelegate.swift in Sources */,
				3E68D5C31CCE45F8002C8D63 /* IRTableView.swift in Sources */,
				3E318DCC1CE20211006F99B6 /* PublishViewController.swift in Sources */,
				3E68D5C11CCE45F8002C8D63 /* IRCellViewModel.swift in Sources */,
				3E68D5C01CCE45F8002C8D63 /* TwoLabelOneImageTableViewCell.swift in Sources */,
				3E318DC71CE1F40D006F99B6 /* AudioLevelRecording.swift in Sources */,
				3EBD210F1CCE2C0F00905452 /* BaseNavigationViewController.swift in Sources */,
				3E68D5D21CCE4A67002C8D63 /* Subscription.swift in Sources */,
				3E68D5CC1CCE4621002C8D63 /* GenericTableViewController.swift in Sources */,
				3E03078D1CE33E21003CCA3F /* SensorsDetector.swift in Sources */,
				3E68D5D41CCE4D8C002C8D63 /* Alerts.swift in Sources */,
				3E68D5A31CCE40B8002C8D63 /* SettingsViewController.swift in Sources */,
			);
			runOnlyForDeploymentPostprocessing = 0;
		};
		3EBD20E11CCE205100905452 /* Sources */ = {
			isa = PBXSourcesBuildPhase;
			buildActionMask = 2147483647;
			files = (
				3EBD20EA1CCE205100905452 /* CUPUS_Mobile_brokerTests.swift in Sources */,
			);
			runOnlyForDeploymentPostprocessing = 0;
		};
		3EBD20EC1CCE205100905452 /* Sources */ = {
			isa = PBXSourcesBuildPhase;
			buildActionMask = 2147483647;
			files = (
				3EBD20F51CCE205100905452 /* CUPUS_Mobile_brokerUITests.swift in Sources */,
			);
			runOnlyForDeploymentPostprocessing = 0;
		};
/* End PBXSourcesBuildPhase section */

/* Begin PBXTargetDependency section */
		3EBD20E71CCE205100905452 /* PBXTargetDependency */ = {
			isa = PBXTargetDependency;
			target = 3EBD20D01CCE205000905452 /* CUPUS Mobile broker */;
			targetProxy = 3EBD20E61CCE205100905452 /* PBXContainerItemProxy */;
		};
		3EBD20F21CCE205100905452 /* PBXTargetDependency */ = {
			isa = PBXTargetDependency;
			target = 3EBD20D01CCE205000905452 /* CUPUS Mobile broker */;
			targetProxy = 3EBD20F11CCE205100905452 /* PBXContainerItemProxy */;
		};
/* End PBXTargetDependency section */

/* Begin PBXVariantGroup section */
		3EBD20D81CCE205100905452 /* Main.storyboard */ = {
			isa = PBXVariantGroup;
			children = (
				3EBD20D91CCE205100905452 /* Base */,
			);
			name = Main.storyboard;
			sourceTree = "<group>";
		};
		3EBD20DD1CCE205100905452 /* LaunchScreen.storyboard */ = {
			isa = PBXVariantGroup;
			children = (
				3EBD20DE1CCE205100905452 /* Base */,
			);
			name = LaunchScreen.storyboard;
			sourceTree = "<group>";
		};
/* End PBXVariantGroup section */

/* Begin XCBuildConfiguration section */
		3EBD20F71CCE205100905452 /* Debug */ = {
			isa = XCBuildConfiguration;
			buildSettings = {
				ALWAYS_SEARCH_USER_PATHS = NO;
				CLANG_ANALYZER_NONNULL = YES;
				CLANG_CXX_LANGUAGE_STANDARD = "gnu++0x";
				CLANG_CXX_LIBRARY = "libc++";
				CLANG_ENABLE_MODULES = YES;
				CLANG_ENABLE_OBJC_ARC = YES;
				CLANG_WARN_BOOL_CONVERSION = YES;
				CLANG_WARN_CONSTANT_CONVERSION = YES;
				CLANG_WARN_DIRECT_OBJC_ISA_USAGE = YES_ERROR;
				CLANG_WARN_EMPTY_BODY = YES;
				CLANG_WARN_ENUM_CONVERSION = YES;
				CLANG_WARN_INT_CONVERSION = YES;
				CLANG_WARN_OBJC_ROOT_CLASS = YES_ERROR;
				CLANG_WARN_UNREACHABLE_CODE = YES;
				CLANG_WARN__DUPLICATE_METHOD_MATCH = YES;
				"CODE_SIGN_IDENTITY[sdk=iphoneos*]" = "iPhone Developer";
				COPY_PHASE_STRIP = NO;
				DEBUG_INFORMATION_FORMAT = dwarf;
				ENABLE_STRICT_OBJC_MSGSEND = YES;
				ENABLE_TESTABILITY = YES;
				GCC_C_LANGUAGE_STANDARD = gnu99;
				GCC_DYNAMIC_NO_PIC = NO;
				GCC_NO_COMMON_BLOCKS = YES;
				GCC_OPTIMIZATION_LEVEL = 0;
				GCC_PREPROCESSOR_DEFINITIONS = (
					"DEBUG=1",
					"$(inherited)",
				);
				GCC_WARN_64_TO_32_BIT_CONVERSION = YES;
				GCC_WARN_ABOUT_RETURN_TYPE = YES_ERROR;
				GCC_WARN_UNDECLARED_SELECTOR = YES;
				GCC_WARN_UNINITIALIZED_AUTOS = YES_AGGRESSIVE;
				GCC_WARN_UNUSED_FUNCTION = YES;
				GCC_WARN_UNUSED_VARIABLE = YES;
				IPHONEOS_DEPLOYMENT_TARGET = 9.3;
				MTL_ENABLE_DEBUG_INFO = YES;
				ONLY_ACTIVE_ARCH = YES;
				SDKROOT = iphoneos;
				SWIFT_OPTIMIZATION_LEVEL = "-Onone";
			};
			name = Debug;
		};
		3EBD20F81CCE205100905452 /* Release */ = {
			isa = XCBuildConfiguration;
			buildSettings = {
				ALWAYS_SEARCH_USER_PATHS = NO;
				CLANG_ANALYZER_NONNULL = YES;
				CLANG_CXX_LANGUAGE_STANDARD = "gnu++0x";
				CLANG_CXX_LIBRARY = "libc++";
				CLANG_ENABLE_MODULES = YES;
				CLANG_ENABLE_OBJC_ARC = YES;
				CLANG_WARN_BOOL_CONVERSION = YES;
				CLANG_WARN_CONSTANT_CONVERSION = YES;
				CLANG_WARN_DIRECT_OBJC_ISA_USAGE = YES_ERROR;
				CLANG_WARN_EMPTY_BODY = YES;
				CLANG_WARN_ENUM_CONVERSION = YES;
				CLANG_WARN_INT_CONVERSION = YES;
				CLANG_WARN_OBJC_ROOT_CLASS = YES_ERROR;
				CLANG_WARN_UNREACHABLE_CODE = YES;
				CLANG_WARN__DUPLICATE_METHOD_MATCH = YES;
				"CODE_SIGN_IDENTITY[sdk=iphoneos*]" = "iPhone Developer";
				COPY_PHASE_STRIP = NO;
				DEBUG_INFORMATION_FORMAT = "dwarf-with-dsym";
				ENABLE_NS_ASSERTIONS = NO;
				ENABLE_STRICT_OBJC_MSGSEND = YES;
				GCC_C_LANGUAGE_STANDARD = gnu99;
				GCC_NO_COMMON_BLOCKS = YES;
				GCC_WARN_64_TO_32_BIT_CONVERSION = YES;
				GCC_WARN_ABOUT_RETURN_TYPE = YES_ERROR;
				GCC_WARN_UNDECLARED_SELECTOR = YES;
				GCC_WARN_UNINITIALIZED_AUTOS = YES_AGGRESSIVE;
				GCC_WARN_UNUSED_FUNCTION = YES;
				GCC_WARN_UNUSED_VARIABLE = YES;
				IPHONEOS_DEPLOYMENT_TARGET = 9.3;
				MTL_ENABLE_DEBUG_INFO = NO;
				SDKROOT = iphoneos;
				VALIDATE_PRODUCT = YES;
			};
			name = Release;
		};
		3EBD20FA1CCE205100905452 /* Debug */ = {
			isa = XCBuildConfiguration;
			baseConfigurationReference = DA1397C073B35C59973C0D33 /* Pods-CUPUS Mobile broker.debug.xcconfig */;
			buildSettings = {
				ASSETCATALOG_COMPILER_APPICON_NAME = AppIcon;
				CODE_SIGN_IDENTITY = "iPhone Developer";
				INFOPLIST_FILE = "CUPUS Mobile broker/Info.plist";
				IPHONEOS_DEPLOYMENT_TARGET = 8.0;
				LD_RUNPATH_SEARCH_PATHS = "$(inherited) @executable_path/Frameworks";
				PRODUCT_BUNDLE_IDENTIFIER = "FER.CUPUS-Mobile-broker";
				PRODUCT_NAME = "$(TARGET_NAME)";
			};
			name = Debug;
		};
		3EBD20FB1CCE205100905452 /* Release */ = {
			isa = XCBuildConfiguration;
			baseConfigurationReference = D3EE208AF18C868F5673730F /* Pods-CUPUS Mobile broker.release.xcconfig */;
			buildSettings = {
				ASSETCATALOG_COMPILER_APPICON_NAME = AppIcon;
				CODE_SIGN_IDENTITY = "iPhone Developer";
				INFOPLIST_FILE = "CUPUS Mobile broker/Info.plist";
				IPHONEOS_DEPLOYMENT_TARGET = 8.0;
				LD_RUNPATH_SEARCH_PATHS = "$(inherited) @executable_path/Frameworks";
				PRODUCT_BUNDLE_IDENTIFIER = "FER.CUPUS-Mobile-broker";
				PRODUCT_NAME = "$(TARGET_NAME)";
			};
			name = Release;
		};
		3EBD20FD1CCE205100905452 /* Debug */ = {
			isa = XCBuildConfiguration;
			buildSettings = {
				BUNDLE_LOADER = "$(TEST_HOST)";
				INFOPLIST_FILE = "CUPUS Mobile brokerTests/Info.plist";
				LD_RUNPATH_SEARCH_PATHS = "$(inherited) @executable_path/Frameworks @loader_path/Frameworks";
				PRODUCT_BUNDLE_IDENTIFIER = "FER.CUPUS-Mobile-brokerTests";
				PRODUCT_NAME = "$(TARGET_NAME)";
				TEST_HOST = "$(BUILT_PRODUCTS_DIR)/CUPUS Mobile broker.app/CUPUS Mobile broker";
			};
			name = Debug;
		};
		3EBD20FE1CCE205100905452 /* Release */ = {
			isa = XCBuildConfiguration;
			buildSettings = {
				BUNDLE_LOADER = "$(TEST_HOST)";
				INFOPLIST_FILE = "CUPUS Mobile brokerTests/Info.plist";
				LD_RUNPATH_SEARCH_PATHS = "$(inherited) @executable_path/Frameworks @loader_path/Frameworks";
				PRODUCT_BUNDLE_IDENTIFIER = "FER.CUPUS-Mobile-brokerTests";
				PRODUCT_NAME = "$(TARGET_NAME)";
				TEST_HOST = "$(BUILT_PRODUCTS_DIR)/CUPUS Mobile broker.app/CUPUS Mobile broker";
			};
			name = Release;
		};
		3EBD21001CCE205100905452 /* Debug */ = {
			isa = XCBuildConfiguration;
			buildSettings = {
				INFOPLIST_FILE = "CUPUS Mobile brokerUITests/Info.plist";
				LD_RUNPATH_SEARCH_PATHS = "$(inherited) @executable_path/Frameworks @loader_path/Frameworks";
				PRODUCT_BUNDLE_IDENTIFIER = "FER.CUPUS-Mobile-brokerUITests";
				PRODUCT_NAME = "$(TARGET_NAME)";
				TEST_TARGET_NAME = "CUPUS Mobile broker";
			};
			name = Debug;
		};
		3EBD21011CCE205100905452 /* Release */ = {
			isa = XCBuildConfiguration;
			buildSettings = {
				INFOPLIST_FILE = "CUPUS Mobile brokerUITests/Info.plist";
				LD_RUNPATH_SEARCH_PATHS = "$(inherited) @executable_path/Frameworks @loader_path/Frameworks";
				PRODUCT_BUNDLE_IDENTIFIER = "FER.CUPUS-Mobile-brokerUITests";
				PRODUCT_NAME = "$(TARGET_NAME)";
				TEST_TARGET_NAME = "CUPUS Mobile broker";
			};
			name = Release;
		};
/* End XCBuildConfiguration section */

/* Begin XCConfigurationList section */
		3EBD20CC1CCE205000905452 /* Build configuration list for PBXProject "CUPUS Mobile broker" */ = {
			isa = XCConfigurationList;
			buildConfigurations = (
				3EBD20F71CCE205100905452 /* Debug */,
				3EBD20F81CCE205100905452 /* Release */,
			);
			defaultConfigurationIsVisible = 0;
			defaultConfigurationName = Release;
		};
		3EBD20F91CCE205100905452 /* Build configuration list for PBXNativeTarget "CUPUS Mobile broker" */ = {
			isa = XCConfigurationList;
			buildConfigurations = (
				3EBD20FA1CCE205100905452 /* Debug */,
				3EBD20FB1CCE205100905452 /* Release */,
			);
			defaultConfigurationIsVisible = 0;
			defaultConfigurationName = Release;
		};
		3EBD20FC1CCE205100905452 /* Build configuration list for PBXNativeTarget "CUPUS Mobile brokerTests" */ = {
			isa = XCConfigurationList;
			buildConfigurations = (
				3EBD20FD1CCE205100905452 /* Debug */,
				3EBD20FE1CCE205100905452 /* Release */,
			);
			defaultConfigurationIsVisible = 0;
			defaultConfigurationName = Release;
		};
		3EBD20FF1CCE205100905452 /* Build configuration list for PBXNativeTarget "CUPUS Mobile brokerUITests" */ = {
			isa = XCConfigurationList;
			buildConfigurations = (
				3EBD21001CCE205100905452 /* Debug */,
				3EBD21011CCE205100905452 /* Release */,
			);
			defaultConfigurationIsVisible = 0;
			defaultConfigurationName = Release;
		};
/* End XCConfigurationList section */
	};
	rootObject = 3EBD20C91CCE205000905452 /* Project object */;
}
