// !$*UTF8*$!
{
	archiveVersion = 1;
	classes = {
	};
	objectVersion = 46;
	objects = {

/* Begin PBXBuildFile section */
		189F1ECE037D417095637C47 /* Pods_CUPUS_Mobile_broker.framework in Frameworks */ = {isa = PBXBuildFile; fileRef = F2F9BFD68F6A848D0014DA70 /* Pods_CUPUS_Mobile_broker.framework */; };
		3E03078D1CE33E21003CCA3F /* SensorsDetector.swift in Sources */ = {isa = PBXBuildFile; fileRef = 3E03078C1CE33E21003CCA3F /* SensorsDetector.swift */; };
		3E318DC71CE1F40D006F99B6 /* AudioLevelRecording.swift in Sources */ = {isa = PBXBuildFile; fileRef = 3E318DC61CE1F40D006F99B6 /* AudioLevelRecording.swift */; };
		3E318DCC1CE20211006F99B6 /* PublishViewController.swift in Sources */ = {isa = PBXBuildFile; fileRef = 3E318DCB1CE20211006F99B6 /* PublishViewController.swift */; };
		3E318DD31CE20EB0006F99B6 /* AudioRecorderViewController.swift in Sources */ = {isa = PBXBuildFile; fileRef = 3E318DD11CE20EB0006F99B6 /* AudioRecorderViewController.swift */; };
		3E49F54A1CEB3206005EE3BF /* DetectBluetoothViewController.swift in Sources */ = {isa = PBXBuildFile; fileRef = 3E49F5491CEB3206005EE3BF /* DetectBluetoothViewController.swift */; };
		3E49F54C1CEB3F87005EE3BF /* AudioRecordingPresenter.swift in Sources */ = {isa = PBXBuildFile; fileRef = 3E49F54B1CEB3F87005EE3BF /* AudioRecordingPresenter.swift */; };
		3E68D59F1CCE384C002C8D63 /* LocationManager.swift in Sources */ = {isa = PBXBuildFile; fileRef = 3E68D59E1CCE384C002C8D63 /* LocationManager.swift */; };
		3E68D5A31CCE40B8002C8D63 /* SettingsViewController.swift in Sources */ = {isa = PBXBuildFile; fileRef = 3E68D5A21CCE40B8002C8D63 /* SettingsViewController.swift */; };
		3E68D5B81CCE45F8002C8D63 /* GenericCellImplementation.swift in Sources */ = {isa = PBXBuildFile; fileRef = 3E68D5A61CCE45F8002C8D63 /* GenericCellImplementation.swift */; };
		3E68D5B91CCE45F8002C8D63 /* OneLabelTableViewCell.swift in Sources */ = {isa = PBXBuildFile; fileRef = 3E68D5A81CCE45F8002C8D63 /* OneLabelTableViewCell.swift */; };
		3E68D5BA1CCE45F8002C8D63 /* OneLabelTableViewCell.xib in Resources */ = {isa = PBXBuildFile; fileRef = 3E68D5A91CCE45F8002C8D63 /* OneLabelTableViewCell.xib */; };
		3E68D5BB1CCE45F8002C8D63 /* SingleLabelWithImageCell.swift in Sources */ = {isa = PBXBuildFile; fileRef = 3E68D5AB1CCE45F8002C8D63 /* SingleLabelWithImageCell.swift */; };
		3E68D5BC1CCE45F8002C8D63 /* SingleLabelWithImageCell.xib in Resources */ = {isa = PBXBuildFile; fileRef = 3E68D5AC1CCE45F8002C8D63 /* SingleLabelWithImageCell.xib */; };
		3E68D5BD1CCE45F8002C8D63 /* TwoLabelLeftInfoCell.swift in Sources */ = {isa = PBXBuildFile; fileRef = 3E68D5AE1CCE45F8002C8D63 /* TwoLabelLeftInfoCell.swift */; };
		3E68D5BE1CCE45F8002C8D63 /* TwoLabelLeftInfoCellImplementation.xib in Resources */ = {isa = PBXBuildFile; fileRef = 3E68D5AF1CCE45F8002C8D63 /* TwoLabelLeftInfoCellImplementation.xib */; };
		3E68D5BF1CCE45F8002C8D63 /* SubtitelWithImageCell.xib in Resources */ = {isa = PBXBuildFile; fileRef = 3E68D5B11CCE45F8002C8D63 /* SubtitelWithImageCell.xib */; };
		3E68D5C01CCE45F8002C8D63 /* TwoLabelOneImageTableViewCell.swift in Sources */ = {isa = PBXBuildFile; fileRef = 3E68D5B21CCE45F8002C8D63 /* TwoLabelOneImageTableViewCell.swift */; };
		3E68D5C11CCE45F8002C8D63 /* IRCellViewModel.swift in Sources */ = {isa = PBXBuildFile; fileRef = 3E68D5B41CCE45F8002C8D63 /* IRCellViewModel.swift */; };
		3E68D5C21CCE45F8002C8D63 /* IRSectionViewModel.swift in Sources */ = {isa = PBXBuildFile; fileRef = 3E68D5B51CCE45F8002C8D63 /* IRSectionViewModel.swift */; };
		3E68D5C31CCE45F8002C8D63 /* IRTableView.swift in Sources */ = {isa = PBXBuildFile; fileRef = 3E68D5B71CCE45F8002C8D63 /* IRTableView.swift */; };
		3E68D5CA1CCE4621002C8D63 /* GenericViewControllerDecorator.swift in Sources */ = {isa = PBXBuildFile; fileRef = 3E68D5C51CCE4621002C8D63 /* GenericViewControllerDecorator.swift */; };
		3E68D5CB1CCE4621002C8D63 /* Generics.storyboard in Resources */ = {isa = PBXBuildFile; fileRef = 3E68D5C71CCE4621002C8D63 /* Generics.storyboard */; };
		3E68D5CC1CCE4621002C8D63 /* GenericTableViewController.swift in Sources */ = {isa = PBXBuildFile; fileRef = 3E68D5C81CCE4621002C8D63 /* GenericTableViewController.swift */; };
		3E68D5CD1CCE4621002C8D63 /* ViewControllerWithDecorator.swift in Sources */ = {isa = PBXBuildFile; fileRef = 3E68D5C91CCE4621002C8D63 /* ViewControllerWithDecorator.swift */; };
		3E68D5D01CCE4795002C8D63 /* SubscriptionOptions.swift in Sources */ = {isa = PBXBuildFile; fileRef = 3E68D5CF1CCE4794002C8D63 /* SubscriptionOptions.swift */; };
		3E68D5D21CCE4A67002C8D63 /* Subscription.swift in Sources */ = {isa = PBXBuildFile; fileRef = 3E68D5D11CCE4A67002C8D63 /* Subscription.swift */; };
		3E68D5D41CCE4D8C002C8D63 /* Alerts.swift in Sources */ = {isa = PBXBuildFile; fileRef = 3E68D5D31CCE4D8C002C8D63 /* Alerts.swift */; };
		3E68D5D61CCE5A31002C8D63 /* OneLabelRightImageTableViewCell.xib in Resources */ = {isa = PBXBuildFile; fileRef = 3E68D5D51CCE5A31002C8D63 /* OneLabelRightImageTableViewCell.xib */; };
		3E914D3B1D05B90F00841B5B /* SocketAddressTest.swift in Sources */ = {isa = PBXBuildFile; fileRef = 3E914D3A1D05B90F00841B5B /* SocketAddressTest.swift */; };
		3E914D3D1D05BBEA00841B5B /* SocketBindTest.swift in Sources */ = {isa = PBXBuildFile; fileRef = 3E914D3C1D05BBEA00841B5B /* SocketBindTest.swift */; };
		3EBD20D51CCE205100905452 /* AppDelegate.swift in Sources */ = {isa = PBXBuildFile; fileRef = 3EBD20D41CCE205100905452 /* AppDelegate.swift */; };
		3EBD20D71CCE205100905452 /* MapViewController.swift in Sources */ = {isa = PBXBuildFile; fileRef = 3EBD20D61CCE205100905452 /* MapViewController.swift */; };
		3EBD20DA1CCE205100905452 /* Main.storyboard in Resources */ = {isa = PBXBuildFile; fileRef = 3EBD20D81CCE205100905452 /* Main.storyboard */; };
		3EBD20DC1CCE205100905452 /* Assets.xcassets in Resources */ = {isa = PBXBuildFile; fileRef = 3EBD20DB1CCE205100905452 /* Assets.xcassets */; };
		3EBD20DF1CCE205100905452 /* LaunchScreen.storyboard in Resources */ = {isa = PBXBuildFile; fileRef = 3EBD20DD1CCE205100905452 /* LaunchScreen.storyboard */; };
		3EBD20EA1CCE205100905452 /* SocketTest.swift in Sources */ = {isa = PBXBuildFile; fileRef = 3EBD20E91CCE205100905452 /* SocketTest.swift */; };
		3EBD20F51CCE205100905452 /* CUPUS_Mobile_brokerUITests.swift in Sources */ = {isa = PBXBuildFile; fileRef = 3EBD20F41CCE205100905452 /* CUPUS_Mobile_brokerUITests.swift */; };
		3EBD210B1CCE21BA00905452 /* Wireframe.swift in Sources */ = {isa = PBXBuildFile; fileRef = 3EBD21091CCE21BA00905452 /* Wireframe.swift */; };
		3EBD210F1CCE2C0F00905452 /* BaseNavigationViewController.swift in Sources */ = {isa = PBXBuildFile; fileRef = 3EBD210D1CCE2C0F00905452 /* BaseNavigationViewController.swift */; };
		3EBD21101CCE2C0F00905452 /* TabbarControllerCreator.swift in Sources */ = {isa = PBXBuildFile; fileRef = 3EBD210E1CCE2C0F00905452 /* TabbarControllerCreator.swift */; };
		3EC35C9D1D05D8AF00EBBE47 /* IRSocketListener.swift in Sources */ = {isa = PBXBuildFile; fileRef = 3EC35C9C1D05D8AF00EBBE47 /* IRSocketListener.swift */; };
		3EC35CCC1D05E29300EBBE47 /* SocketSendTest.swift in Sources */ = {isa = PBXBuildFile; fileRef = 3EC35CCB1D05E29300EBBE47 /* SocketSendTest.swift */; };
		3EE2F1171CEC9EBC008A2669 /* Delay.swift in Sources */ = {isa = PBXBuildFile; fileRef = 3EE2F1161CEC9EBC008A2669 /* Delay.swift */; };
		3EFEE3091D058C4B00215EA8 /* IRDataTransform.swift in Sources */ = {isa = PBXBuildFile; fileRef = 3EFEE3041D058C4B00215EA8 /* IRDataTransform.swift */; };
		3EFEE30A1D058C4B00215EA8 /* IRSockaddr.swift in Sources */ = {isa = PBXBuildFile; fileRef = 3EFEE3051D058C4B00215EA8 /* IRSockaddr.swift */; };
		3EFEE30B1D058C4B00215EA8 /* IRSocket.swift in Sources */ = {isa = PBXBuildFile; fileRef = 3EFEE3061D058C4B00215EA8 /* IRSocket.swift */; };
		3EFEE30C1D058C4B00215EA8 /* IRSocketReader.swift in Sources */ = {isa = PBXBuildFile; fileRef = 3EFEE3071D058C4B00215EA8 /* IRSocketReader.swift */; };
		3EFEE30D1D058C4B00215EA8 /* IRUDPSocket.swift in Sources */ = {isa = PBXBuildFile; fileRef = 3EFEE3081D058C4B00215EA8 /* IRUDPSocket.swift */; };
		3EFEE30F1D058D6200215EA8 /* SocketConnector.swift in Sources */ = {isa = PBXBuildFile; fileRef = 3EFEE30E1D058D6200215EA8 /* SocketConnector.swift */; };
		5943EB1C71C691D97348A795 /* Pods_CUPUS_Mobile_brokerTests.framework in Frameworks */ = {isa = PBXBuildFile; fileRef = E7BC4A49DD02CC09469282C2 /* Pods_CUPUS_Mobile_brokerTests.framework */; };
		8F6E9C6B4EFEB9FA8108D2ED /* Pods_CUPUS_Mobile_brokerUITests.framework in Frameworks */ = {isa = PBXBuildFile; fileRef = DDE4A3C5D15BB002046CDA84 /* Pods_CUPUS_Mobile_brokerUITests.framework */; };
/* End PBXBuildFile section */

/* Begin PBXContainerItemProxy section */
		3EBD20F11CCE205100905452 /* PBXContainerItemProxy */ = {
			isa = PBXContainerItemProxy;
			containerPortal = 3EBD20C91CCE205000905452 /* Project object */;
			proxyType = 1;
			remoteGlobalIDString = 3EBD20D01CCE205000905452;
			remoteInfo = "CUPUS Mobile broker";
		};
		3EE874341D059B5B005195A5 /* PBXContainerItemProxy */ = {
			isa = PBXContainerItemProxy;
			containerPortal = 3EBD20C91CCE205000905452 /* Project object */;
			proxyType = 1;
			remoteGlobalIDString = 3EBD20D01CCE205000905452;
			remoteInfo = "CUPUS Mobile broker";
		};
		3EFEE3191D058DFC00215EA8 /* PBXContainerItemProxy */ = {
			isa = PBXContainerItemProxy;
			containerPortal = 3EBD20C91CCE205000905452 /* Project object */;
			proxyType = 1;
			remoteGlobalIDString = 3EBD20D01CCE205000905452;
			remoteInfo = "CUPUS Mobile broker";
		};
/* End PBXContainerItemProxy section */

/* Begin PBXFileReference section */
		3E03078C1CE33E21003CCA3F /* SensorsDetector.swift */ = {isa = PBXFileReference; fileEncoding = 4; lastKnownFileType = sourcecode.swift; name = SensorsDetector.swift; path = Publications/SensorsDetector.swift; sourceTree = "<group>"; };
		3E318DC61CE1F40D006F99B6 /* AudioLevelRecording.swift */ = {isa = PBXFileReference; fileEncoding = 4; lastKnownFileType = sourcecode.swift; path = AudioLevelRecording.swift; sourceTree = "<group>"; };
		3E318DCB1CE20211006F99B6 /* PublishViewController.swift */ = {isa = PBXFileReference; fileEncoding = 4; lastKnownFileType = sourcecode.swift; name = PublishViewController.swift; path = Publications/PublishViewController.swift; sourceTree = "<group>"; };
		3E318DD11CE20EB0006F99B6 /* AudioRecorderViewController.swift */ = {isa = PBXFileReference; fileEncoding = 4; lastKnownFileType = sourcecode.swift; name = AudioRecorderViewController.swift; path = Publications/Sensors/Audio/AudioRecorderViewController.swift; sourceTree = "<group>"; };
		3E49F5491CEB3206005EE3BF /* DetectBluetoothViewController.swift */ = {isa = PBXFileReference; fileEncoding = 4; lastKnownFileType = sourcecode.swift; path = DetectBluetoothViewController.swift; sourceTree = "<group>"; };
		3E49F54B1CEB3F87005EE3BF /* AudioRecordingPresenter.swift */ = {isa = PBXFileReference; fileEncoding = 4; lastKnownFileType = sourcecode.swift; name = AudioRecordingPresenter.swift; path = Publications/Sensors/Audio/AudioRecordingPresenter.swift; sourceTree = "<group>"; };
		3E68D59E1CCE384C002C8D63 /* LocationManager.swift */ = {isa = PBXFileReference; fileEncoding = 4; lastKnownFileType = sourcecode.swift; path = LocationManager.swift; sourceTree = "<group>"; };
		3E68D5A21CCE40B8002C8D63 /* SettingsViewController.swift */ = {isa = PBXFileReference; fileEncoding = 4; lastKnownFileType = sourcecode.swift; path = SettingsViewController.swift; sourceTree = "<group>"; };
		3E68D5A61CCE45F8002C8D63 /* GenericCellImplementation.swift */ = {isa = PBXFileReference; fileEncoding = 4; lastKnownFileType = sourcecode.swift; path = GenericCellImplementation.swift; sourceTree = "<group>"; };
		3E68D5A81CCE45F8002C8D63 /* OneLabelTableViewCell.swift */ = {isa = PBXFileReference; fileEncoding = 4; lastKnownFileType = sourcecode.swift; path = OneLabelTableViewCell.swift; sourceTree = "<group>"; };
		3E68D5A91CCE45F8002C8D63 /* OneLabelTableViewCell.xib */ = {isa = PBXFileReference; fileEncoding = 4; lastKnownFileType = file.xib; path = OneLabelTableViewCell.xib; sourceTree = "<group>"; };
		3E68D5AB1CCE45F8002C8D63 /* SingleLabelWithImageCell.swift */ = {isa = PBXFileReference; fileEncoding = 4; lastKnownFileType = sourcecode.swift; path = SingleLabelWithImageCell.swift; sourceTree = "<group>"; };
		3E68D5AC1CCE45F8002C8D63 /* SingleLabelWithImageCell.xib */ = {isa = PBXFileReference; fileEncoding = 4; lastKnownFileType = file.xib; path = SingleLabelWithImageCell.xib; sourceTree = "<group>"; };
		3E68D5AE1CCE45F8002C8D63 /* TwoLabelLeftInfoCell.swift */ = {isa = PBXFileReference; fileEncoding = 4; lastKnownFileType = sourcecode.swift; path = TwoLabelLeftInfoCell.swift; sourceTree = "<group>"; };
		3E68D5AF1CCE45F8002C8D63 /* TwoLabelLeftInfoCellImplementation.xib */ = {isa = PBXFileReference; fileEncoding = 4; lastKnownFileType = file.xib; path = TwoLabelLeftInfoCellImplementation.xib; sourceTree = "<group>"; };
		3E68D5B11CCE45F8002C8D63 /* SubtitelWithImageCell.xib */ = {isa = PBXFileReference; fileEncoding = 4; lastKnownFileType = file.xib; path = SubtitelWithImageCell.xib; sourceTree = "<group>"; };
		3E68D5B21CCE45F8002C8D63 /* TwoLabelOneImageTableViewCell.swift */ = {isa = PBXFileReference; fileEncoding = 4; lastKnownFileType = sourcecode.swift; path = TwoLabelOneImageTableViewCell.swift; sourceTree = "<group>"; };
		3E68D5B41CCE45F8002C8D63 /* IRCellViewModel.swift */ = {isa = PBXFileReference; fileEncoding = 4; lastKnownFileType = sourcecode.swift; path = IRCellViewModel.swift; sourceTree = "<group>"; };
		3E68D5B51CCE45F8002C8D63 /* IRSectionViewModel.swift */ = {isa = PBXFileReference; fileEncoding = 4; lastKnownFileType = sourcecode.swift; path = IRSectionViewModel.swift; sourceTree = "<group>"; };
		3E68D5B71CCE45F8002C8D63 /* IRTableView.swift */ = {isa = PBXFileReference; fileEncoding = 4; lastKnownFileType = sourcecode.swift; path = IRTableView.swift; sourceTree = "<group>"; };
		3E68D5C51CCE4621002C8D63 /* GenericViewControllerDecorator.swift */ = {isa = PBXFileReference; fileEncoding = 4; lastKnownFileType = sourcecode.swift; path = GenericViewControllerDecorator.swift; sourceTree = "<group>"; };
		3E68D5C71CCE4621002C8D63 /* Generics.storyboard */ = {isa = PBXFileReference; fileEncoding = 4; lastKnownFileType = file.storyboard; path = Generics.storyboard; sourceTree = "<group>"; };
		3E68D5C81CCE4621002C8D63 /* GenericTableViewController.swift */ = {isa = PBXFileReference; fileEncoding = 4; lastKnownFileType = sourcecode.swift; path = GenericTableViewController.swift; sourceTree = "<group>"; };
		3E68D5C91CCE4621002C8D63 /* ViewControllerWithDecorator.swift */ = {isa = PBXFileReference; fileEncoding = 4; lastKnownFileType = sourcecode.swift; path = ViewControllerWithDecorator.swift; sourceTree = "<group>"; };
		3E68D5CF1CCE4794002C8D63 /* SubscriptionOptions.swift */ = {isa = PBXFileReference; fileEncoding = 4; lastKnownFileType = sourcecode.swift; name = SubscriptionOptions.swift; path = Subscription/SubscriptionOptions.swift; sourceTree = "<group>"; };
		3E68D5D11CCE4A67002C8D63 /* Subscription.swift */ = {isa = PBXFileReference; fileEncoding = 4; lastKnownFileType = sourcecode.swift; name = Subscription.swift; path = Subscription/Subscription.swift; sourceTree = "<group>"; };
		3E68D5D31CCE4D8C002C8D63 /* Alerts.swift */ = {isa = PBXFileReference; fileEncoding = 4; lastKnownFileType = sourcecode.swift; path = Alerts.swift; sourceTree = "<group>"; };
		3E68D5D51CCE5A31002C8D63 /* OneLabelRightImageTableViewCell.xib */ = {isa = PBXFileReference; fileEncoding = 4; lastKnownFileType = file.xib; path = OneLabelRightImageTableViewCell.xib; sourceTree = "<group>"; };
		3E914D3A1D05B90F00841B5B /* SocketAddressTest.swift */ = {isa = PBXFileReference; fileEncoding = 4; lastKnownFileType = sourcecode.swift; path = SocketAddressTest.swift; sourceTree = "<group>"; };
		3E914D3C1D05BBEA00841B5B /* SocketBindTest.swift */ = {isa = PBXFileReference; fileEncoding = 4; lastKnownFileType = sourcecode.swift; path = SocketBindTest.swift; sourceTree = "<group>"; };
		3EBD20D11CCE205000905452 /* CUPUS Mobile broker.app */ = {isa = PBXFileReference; explicitFileType = wrapper.application; includeInIndex = 0; path = "CUPUS Mobile broker.app"; sourceTree = BUILT_PRODUCTS_DIR; };
		3EBD20D41CCE205100905452 /* AppDelegate.swift */ = {isa = PBXFileReference; lastKnownFileType = sourcecode.swift; path = AppDelegate.swift; sourceTree = "<group>"; };
		3EBD20D61CCE205100905452 /* MapViewController.swift */ = {isa = PBXFileReference; lastKnownFileType = sourcecode.swift; path = MapViewController.swift; sourceTree = "<group>"; };
		3EBD20D91CCE205100905452 /* Base */ = {isa = PBXFileReference; lastKnownFileType = file.storyboard; name = Base; path = Base.lproj/Main.storyboard; sourceTree = "<group>"; };
		3EBD20DB1CCE205100905452 /* Assets.xcassets */ = {isa = PBXFileReference; lastKnownFileType = folder.assetcatalog; path = Assets.xcassets; sourceTree = "<group>"; };
		3EBD20DE1CCE205100905452 /* Base */ = {isa = PBXFileReference; lastKnownFileType = file.storyboard; name = Base; path = Base.lproj/LaunchScreen.storyboard; sourceTree = "<group>"; };
		3EBD20E01CCE205100905452 /* Info.plist */ = {isa = PBXFileReference; lastKnownFileType = text.plist.xml; path = Info.plist; sourceTree = "<group>"; };
		3EBD20E51CCE205100905452 /* CUPUS Mobile brokerTests.xctest */ = {isa = PBXFileReference; explicitFileType = wrapper.cfbundle; includeInIndex = 0; path = "CUPUS Mobile brokerTests.xctest"; sourceTree = BUILT_PRODUCTS_DIR; };
		3EBD20E91CCE205100905452 /* SocketTest.swift */ = {isa = PBXFileReference; lastKnownFileType = sourcecode.swift; path = SocketTest.swift; sourceTree = "<group>"; };
		3EBD20EB1CCE205100905452 /* Info.plist */ = {isa = PBXFileReference; lastKnownFileType = text.plist.xml; path = Info.plist; sourceTree = "<group>"; };
		3EBD20F01CCE205100905452 /* CUPUS Mobile brokerUITests.xctest */ = {isa = PBXFileReference; explicitFileType = wrapper.cfbundle; includeInIndex = 0; path = "CUPUS Mobile brokerUITests.xctest"; sourceTree = BUILT_PRODUCTS_DIR; };
		3EBD20F41CCE205100905452 /* CUPUS_Mobile_brokerUITests.swift */ = {isa = PBXFileReference; lastKnownFileType = sourcecode.swift; path = CUPUS_Mobile_brokerUITests.swift; sourceTree = "<group>"; };
		3EBD20F61CCE205100905452 /* Info.plist */ = {isa = PBXFileReference; lastKnownFileType = text.plist.xml; path = Info.plist; sourceTree = "<group>"; };
		3EBD21091CCE21BA00905452 /* Wireframe.swift */ = {isa = PBXFileReference; fileEncoding = 4; lastKnownFileType = sourcecode.swift; path = Wireframe.swift; sourceTree = "<group>"; };
		3EBD210D1CCE2C0F00905452 /* BaseNavigationViewController.swift */ = {isa = PBXFileReference; fileEncoding = 4; lastKnownFileType = sourcecode.swift; path = BaseNavigationViewController.swift; sourceTree = "<group>"; };
		3EBD210E1CCE2C0F00905452 /* TabbarControllerCreator.swift */ = {isa = PBXFileReference; fileEncoding = 4; lastKnownFileType = sourcecode.swift; path = TabbarControllerCreator.swift; sourceTree = "<group>"; };
		3EC35C9C1D05D8AF00EBBE47 /* IRSocketListener.swift */ = {isa = PBXFileReference; fileEncoding = 4; lastKnownFileType = sourcecode.swift; path = IRSocketListener.swift; sourceTree = "<group>"; };
		3EC35CCB1D05E29300EBBE47 /* SocketSendTest.swift */ = {isa = PBXFileReference; fileEncoding = 4; lastKnownFileType = sourcecode.swift; path = SocketSendTest.swift; sourceTree = "<group>"; };
		3EE2F1161CEC9EBC008A2669 /* Delay.swift */ = {isa = PBXFileReference; fileEncoding = 4; lastKnownFileType = sourcecode.swift; path = Delay.swift; sourceTree = "<group>"; };
		3EFEE3041D058C4B00215EA8 /* IRDataTransform.swift */ = {isa = PBXFileReference; fileEncoding = 4; lastKnownFileType = sourcecode.swift; path = IRDataTransform.swift; sourceTree = "<group>"; };
		3EFEE3051D058C4B00215EA8 /* IRSockaddr.swift */ = {isa = PBXFileReference; fileEncoding = 4; lastKnownFileType = sourcecode.swift; path = IRSockaddr.swift; sourceTree = "<group>"; };
		3EFEE3061D058C4B00215EA8 /* IRSocket.swift */ = {isa = PBXFileReference; fileEncoding = 4; lastKnownFileType = sourcecode.swift; path = IRSocket.swift; sourceTree = "<group>"; };
		3EFEE3071D058C4B00215EA8 /* IRSocketReader.swift */ = {isa = PBXFileReference; fileEncoding = 4; lastKnownFileType = sourcecode.swift; path = IRSocketReader.swift; sourceTree = "<group>"; };
		3EFEE3081D058C4B00215EA8 /* IRUDPSocket.swift */ = {isa = PBXFileReference; fileEncoding = 4; lastKnownFileType = sourcecode.swift; path = IRUDPSocket.swift; sourceTree = "<group>"; };
		3EFEE30E1D058D6200215EA8 /* SocketConnector.swift */ = {isa = PBXFileReference; fileEncoding = 4; lastKnownFileType = sourcecode.swift; path = SocketConnector.swift; sourceTree = "<group>"; };
		3EFEE3141D058DFC00215EA8 /* SocketTest.xctest */ = {isa = PBXFileReference; explicitFileType = wrapper.cfbundle; includeInIndex = 0; path = SocketTest.xctest; sourceTree = BUILT_PRODUCTS_DIR; };
		5BA7FA182B34743CC19BF9C0 /* Pods-CUPUS Mobile brokerUITests.debug.xcconfig */ = {isa = PBXFileReference; includeInIndex = 1; lastKnownFileType = text.xcconfig; name = "Pods-CUPUS Mobile brokerUITests.debug.xcconfig"; path = "Pods/Target Support Files/Pods-CUPUS Mobile brokerUITests/Pods-CUPUS Mobile brokerUITests.debug.xcconfig"; sourceTree = "<group>"; };
		81AECA9A85FFDE9D977EFE17 /* Pods-CUPUS Mobile brokerTests.release.xcconfig */ = {isa = PBXFileReference; includeInIndex = 1; lastKnownFileType = text.xcconfig; name = "Pods-CUPUS Mobile brokerTests.release.xcconfig"; path = "Pods/Target Support Files/Pods-CUPUS Mobile brokerTests/Pods-CUPUS Mobile brokerTests.release.xcconfig"; sourceTree = "<group>"; };
		83BD9A1181F3E7C69ADB936B /* Pods-CUPUS Mobile broker.release.xcconfig */ = {isa = PBXFileReference; includeInIndex = 1; lastKnownFileType = text.xcconfig; name = "Pods-CUPUS Mobile broker.release.xcconfig"; path = "Pods/Target Support Files/Pods-CUPUS Mobile broker/Pods-CUPUS Mobile broker.release.xcconfig"; sourceTree = "<group>"; };
		B5FDE4C30871BEDB41C58784 /* Pods_SocketTest.framework */ = {isa = PBXFileReference; explicitFileType = wrapper.framework; includeInIndex = 0; path = Pods_SocketTest.framework; sourceTree = BUILT_PRODUCTS_DIR; };
		DDE4A3C5D15BB002046CDA84 /* Pods_CUPUS_Mobile_brokerUITests.framework */ = {isa = PBXFileReference; explicitFileType = wrapper.framework; includeInIndex = 0; path = Pods_CUPUS_Mobile_brokerUITests.framework; sourceTree = BUILT_PRODUCTS_DIR; };
		DE46A49C9AF1AF52A5097F54 /* Pods-CUPUS Mobile brokerTests.debug.xcconfig */ = {isa = PBXFileReference; includeInIndex = 1; lastKnownFileType = text.xcconfig; name = "Pods-CUPUS Mobile brokerTests.debug.xcconfig"; path = "Pods/Target Support Files/Pods-CUPUS Mobile brokerTests/Pods-CUPUS Mobile brokerTests.debug.xcconfig"; sourceTree = "<group>"; };
		E7BC4A49DD02CC09469282C2 /* Pods_CUPUS_Mobile_brokerTests.framework */ = {isa = PBXFileReference; explicitFileType = wrapper.framework; includeInIndex = 0; path = Pods_CUPUS_Mobile_brokerTests.framework; sourceTree = BUILT_PRODUCTS_DIR; };
		E893565588146C3A60F0BDE0 /* Pods-CUPUS Mobile broker.debug.xcconfig */ = {isa = PBXFileReference; includeInIndex = 1; lastKnownFileType = text.xcconfig; name = "Pods-CUPUS Mobile broker.debug.xcconfig"; path = "Pods/Target Support Files/Pods-CUPUS Mobile broker/Pods-CUPUS Mobile broker.debug.xcconfig"; sourceTree = "<group>"; };
		F0495156C79915C8AF90A172 /* Pods-CUPUS Mobile brokerUITests.release.xcconfig */ = {isa = PBXFileReference; includeInIndex = 1; lastKnownFileType = text.xcconfig; name = "Pods-CUPUS Mobile brokerUITests.release.xcconfig"; path = "Pods/Target Support Files/Pods-CUPUS Mobile brokerUITests/Pods-CUPUS Mobile brokerUITests.release.xcconfig"; sourceTree = "<group>"; };
		F2F9BFD68F6A848D0014DA70 /* Pods_CUPUS_Mobile_broker.framework */ = {isa = PBXFileReference; explicitFileType = wrapper.framework; includeInIndex = 0; path = Pods_CUPUS_Mobile_broker.framework; sourceTree = BUILT_PRODUCTS_DIR; };
/* End PBXFileReference section */

/* Begin PBXFrameworksBuildPhase section */
		3EBD20CE1CCE205000905452 /* Frameworks */ = {
			isa = PBXFrameworksBuildPhase;
			buildActionMask = 2147483647;
			files = (
				189F1ECE037D417095637C47 /* Pods_CUPUS_Mobile_broker.framework in Frameworks */,
			);
			runOnlyForDeploymentPostprocessing = 0;
		};
		3EBD20E21CCE205100905452 /* Frameworks */ = {
			isa = PBXFrameworksBuildPhase;
			buildActionMask = 2147483647;
			files = (
				5943EB1C71C691D97348A795 /* Pods_CUPUS_Mobile_brokerTests.framework in Frameworks */,
			);
			runOnlyForDeploymentPostprocessing = 0;
		};
		3EBD20ED1CCE205100905452 /* Frameworks */ = {
			isa = PBXFrameworksBuildPhase;
			buildActionMask = 2147483647;
			files = (
				8F6E9C6B4EFEB9FA8108D2ED /* Pods_CUPUS_Mobile_brokerUITests.framework in Frameworks */,
			);
			runOnlyForDeploymentPostprocessing = 0;
		};
		3EFEE3111D058DFC00215EA8 /* Frameworks */ = {
			isa = PBXFrameworksBuildPhase;
			buildActionMask = 2147483647;
			files = (
			);
			runOnlyForDeploymentPostprocessing = 0;
		};
/* End PBXFrameworksBuildPhase section */

/* Begin PBXGroup section */
		3E318DC51CE1F131006F99B6 /* Publications */ = {
			isa = PBXGroup;
			children = (
				3E318DC81CE201DB006F99B6 /* Sensors */,
				3E03078C1CE33E21003CCA3F /* SensorsDetector.swift */,
				3E318DCB1CE20211006F99B6 /* PublishViewController.swift */,
			);
			name = Publications;
			sourceTree = "<group>";
		};
		3E318DC81CE201DB006F99B6 /* Sensors */ = {
			isa = PBXGroup;
			children = (
				3E49F5481CEB315F005EE3BF /* DetectBluetooth */,
				3E318DCD1CE20E6E006F99B6 /* Audio */,
			);
			name = Sensors;
			sourceTree = "<group>";
		};
		3E318DCD1CE20E6E006F99B6 /* Audio */ = {
			isa = PBXGroup;
			children = (
				3E318DD11CE20EB0006F99B6 /* AudioRecorderViewController.swift */,
				3E49F54B1CEB3F87005EE3BF /* AudioRecordingPresenter.swift */,
			);
			name = Audio;
			sourceTree = "<group>";
		};
		3E49F5481CEB315F005EE3BF /* DetectBluetooth */ = {
			isa = PBXGroup;
			children = (
				3E49F5491CEB3206005EE3BF /* DetectBluetoothViewController.swift */,
			);
			name = DetectBluetooth;
			sourceTree = "<group>";
		};
		3E68D5A41CCE45F8002C8D63 /* Table */ = {
			isa = PBXGroup;
			children = (
				3E68D5A51CCE45F8002C8D63 /* CellImplementation */,
				3E68D5B31CCE45F8002C8D63 /* Cells */,
				3E68D5B61CCE45F8002C8D63 /* Table */,
			);
			path = Table;
			sourceTree = "<group>";
		};
		3E68D5A51CCE45F8002C8D63 /* CellImplementation */ = {
			isa = PBXGroup;
			children = (
				3E68D5A61CCE45F8002C8D63 /* GenericCellImplementation.swift */,
				3E68D5A71CCE45F8002C8D63 /* OneLabel */,
				3E68D5AA1CCE45F8002C8D63 /* OneLabelWithImage */,
				3E68D5AD1CCE45F8002C8D63 /* TwoLabel */,
				3E68D5B01CCE45F8002C8D63 /* TwoLabelOneImage */,
			);
			path = CellImplementation;
			sourceTree = "<group>";
		};
		3E68D5A71CCE45F8002C8D63 /* OneLabel */ = {
			isa = PBXGroup;
			children = (
				3E68D5A81CCE45F8002C8D63 /* OneLabelTableViewCell.swift */,
				3E68D5A91CCE45F8002C8D63 /* OneLabelTableViewCell.xib */,
			);
			path = OneLabel;
			sourceTree = "<group>";
		};
		3E68D5AA1CCE45F8002C8D63 /* OneLabelWithImage */ = {
			isa = PBXGroup;
			children = (
				3E68D5AB1CCE45F8002C8D63 /* SingleLabelWithImageCell.swift */,
				3E68D5AC1CCE45F8002C8D63 /* SingleLabelWithImageCell.xib */,
				3E68D5D51CCE5A31002C8D63 /* OneLabelRightImageTableViewCell.xib */,
			);
			path = OneLabelWithImage;
			sourceTree = "<group>";
		};
		3E68D5AD1CCE45F8002C8D63 /* TwoLabel */ = {
			isa = PBXGroup;
			children = (
				3E68D5AE1CCE45F8002C8D63 /* TwoLabelLeftInfoCell.swift */,
				3E68D5AF1CCE45F8002C8D63 /* TwoLabelLeftInfoCellImplementation.xib */,
			);
			path = TwoLabel;
			sourceTree = "<group>";
		};
		3E68D5B01CCE45F8002C8D63 /* TwoLabelOneImage */ = {
			isa = PBXGroup;
			children = (
				3E68D5B11CCE45F8002C8D63 /* SubtitelWithImageCell.xib */,
				3E68D5B21CCE45F8002C8D63 /* TwoLabelOneImageTableViewCell.swift */,
			);
			path = TwoLabelOneImage;
			sourceTree = "<group>";
		};
		3E68D5B31CCE45F8002C8D63 /* Cells */ = {
			isa = PBXGroup;
			children = (
				3E68D5B41CCE45F8002C8D63 /* IRCellViewModel.swift */,
				3E68D5B51CCE45F8002C8D63 /* IRSectionViewModel.swift */,
			);
			path = Cells;
			sourceTree = "<group>";
		};
		3E68D5B61CCE45F8002C8D63 /* Table */ = {
			isa = PBXGroup;
			children = (
				3E68D5B71CCE45F8002C8D63 /* IRTableView.swift */,
			);
			path = Table;
			sourceTree = "<group>";
		};
		3E68D5C41CCE4621002C8D63 /* ViewController */ = {
			isa = PBXGroup;
			children = (
				3E68D5C51CCE4621002C8D63 /* GenericViewControllerDecorator.swift */,
				3E68D5C61CCE4621002C8D63 /* Table */,
				3E68D5C91CCE4621002C8D63 /* ViewControllerWithDecorator.swift */,
			);
			path = ViewController;
			sourceTree = "<group>";
		};
		3E68D5C61CCE4621002C8D63 /* Table */ = {
			isa = PBXGroup;
			children = (
				3E68D5C71CCE4621002C8D63 /* Generics.storyboard */,
				3E68D5C81CCE4621002C8D63 /* GenericTableViewController.swift */,
			);
			path = Table;
			sourceTree = "<group>";
		};
		3E68D5CE1CCE474C002C8D63 /* Subscription */ = {
			isa = PBXGroup;
			children = (
				3EBD20D61CCE205100905452 /* MapViewController.swift */,
				3E68D5CF1CCE4794002C8D63 /* SubscriptionOptions.swift */,
				3E68D5D11CCE4A67002C8D63 /* Subscription.swift */,
			);
			name = Subscription;
			sourceTree = "<group>";
		};
		3EBD20C81CCE205000905452 = {
			isa = PBXGroup;
			children = (
				3EBD20D31CCE205100905452 /* CUPUS Mobile broker */,
				3EBD20E81CCE205100905452 /* CUPUS Mobile brokerTests */,
				3EBD20F31CCE205100905452 /* CUPUS Mobile brokerUITests */,
				3EBD20D21CCE205000905452 /* Products */,
				4E566DBC84294ADEE7857DF3 /* Pods */,
				6723BAECC5BA3EBA3F934B8B /* Frameworks */,
			);
			sourceTree = "<group>";
		};
		3EBD20D21CCE205000905452 /* Products */ = {
			isa = PBXGroup;
			children = (
				3EBD20D11CCE205000905452 /* CUPUS Mobile broker.app */,
				3EBD20E51CCE205100905452 /* CUPUS Mobile brokerTests.xctest */,
				3EBD20F01CCE205100905452 /* CUPUS Mobile brokerUITests.xctest */,
				3EFEE3141D058DFC00215EA8 /* SocketTest.xctest */,
			);
			name = Products;
			sourceTree = "<group>";
		};
		3EBD20D31CCE205100905452 /* CUPUS Mobile broker */ = {
			isa = PBXGroup;
			children = (
				3E318DC51CE1F131006F99B6 /* Publications */,
				3E68D5D31CCE4D8C002C8D63 /* Alerts.swift */,
				3E68D5CE1CCE474C002C8D63 /* Subscription */,
				3EBD21071CCE21BA00905452 /* Wireframe */,
				3E68D5A41CCE45F8002C8D63 /* Table */,
				3E68D5C41CCE4621002C8D63 /* ViewController */,
				3EBD20D41CCE205100905452 /* AppDelegate.swift */,
				3EFEE3031D058C4B00215EA8 /* IRSocket */,
				3EBD20D81CCE205100905452 /* Main.storyboard */,
				3EBD20DB1CCE205100905452 /* Assets.xcassets */,
				3EBD20DD1CCE205100905452 /* LaunchScreen.storyboard */,
				3EBD20E01CCE205100905452 /* Info.plist */,
				3E68D5A21CCE40B8002C8D63 /* SettingsViewController.swift */,
				3E318DC61CE1F40D006F99B6 /* AudioLevelRecording.swift */,
				3E68D59E1CCE384C002C8D63 /* LocationManager.swift */,
				3EE2F1161CEC9EBC008A2669 /* Delay.swift */,
				3EFEE30E1D058D6200215EA8 /* SocketConnector.swift */,
			);
			path = "CUPUS Mobile broker";
			sourceTree = "<group>";
		};
		3EBD20E81CCE205100905452 /* CUPUS Mobile brokerTests */ = {
			isa = PBXGroup;
			children = (
				3EBD20E91CCE205100905452 /* SocketTest.swift */,
				3E914D3A1D05B90F00841B5B /* SocketAddressTest.swift */,
				3E914D3C1D05BBEA00841B5B /* SocketBindTest.swift */,
				3EC35CCB1D05E29300EBBE47 /* SocketSendTest.swift */,
				3EBD20EB1CCE205100905452 /* Info.plist */,
			);
			path = "CUPUS Mobile brokerTests";
			sourceTree = "<group>";
		};
		3EBD20F31CCE205100905452 /* CUPUS Mobile brokerUITests */ = {
			isa = PBXGroup;
			children = (
				3EBD20F41CCE205100905452 /* CUPUS_Mobile_brokerUITests.swift */,
				3EBD20F61CCE205100905452 /* Info.plist */,
			);
			path = "CUPUS Mobile brokerUITests";
			sourceTree = "<group>";
		};
		3EBD21071CCE21BA00905452 /* Wireframe */ = {
			isa = PBXGroup;
			children = (
				3EBD210C1CCE2C0F00905452 /* TabbarController */,
				3EBD21091CCE21BA00905452 /* Wireframe.swift */,
			);
			path = Wireframe;
			sourceTree = "<group>";
		};
		3EBD210C1CCE2C0F00905452 /* TabbarController */ = {
			isa = PBXGroup;
			children = (
				3EBD210D1CCE2C0F00905452 /* BaseNavigationViewController.swift */,
				3EBD210E1CCE2C0F00905452 /* TabbarControllerCreator.swift */,
			);
			path = TabbarController;
			sourceTree = "<group>";
		};
		3EFEE3031D058C4B00215EA8 /* IRSocket */ = {
			isa = PBXGroup;
			children = (
				3EFEE3041D058C4B00215EA8 /* IRDataTransform.swift */,
				3EFEE3051D058C4B00215EA8 /* IRSockaddr.swift */,
				3EFEE3061D058C4B00215EA8 /* IRSocket.swift */,
				3EFEE3071D058C4B00215EA8 /* IRSocketReader.swift */,
				3EFEE3081D058C4B00215EA8 /* IRUDPSocket.swift */,
				3EC35C9C1D05D8AF00EBBE47 /* IRSocketListener.swift */,
			);
			path = IRSocket;
			sourceTree = SOURCE_ROOT;
		};
		4E566DBC84294ADEE7857DF3 /* Pods */ = {
			isa = PBXGroup;
			children = (
				E893565588146C3A60F0BDE0 /* Pods-CUPUS Mobile broker.debug.xcconfig */,
				83BD9A1181F3E7C69ADB936B /* Pods-CUPUS Mobile broker.release.xcconfig */,
				DE46A49C9AF1AF52A5097F54 /* Pods-CUPUS Mobile brokerTests.debug.xcconfig */,
				81AECA9A85FFDE9D977EFE17 /* Pods-CUPUS Mobile brokerTests.release.xcconfig */,
				5BA7FA182B34743CC19BF9C0 /* Pods-CUPUS Mobile brokerUITests.debug.xcconfig */,
				F0495156C79915C8AF90A172 /* Pods-CUPUS Mobile brokerUITests.release.xcconfig */,
			);
			name = Pods;
			sourceTree = "<group>";
		};
		6723BAECC5BA3EBA3F934B8B /* Frameworks */ = {
			isa = PBXGroup;
			children = (
				F2F9BFD68F6A848D0014DA70 /* Pods_CUPUS_Mobile_broker.framework */,
				E7BC4A49DD02CC09469282C2 /* Pods_CUPUS_Mobile_brokerTests.framework */,
				DDE4A3C5D15BB002046CDA84 /* Pods_CUPUS_Mobile_brokerUITests.framework */,
				B5FDE4C30871BEDB41C58784 /* Pods_SocketTest.framework */,
			);
			name = Frameworks;
			sourceTree = "<group>";
		};
/* End PBXGroup section */

/* Begin PBXNativeTarget section */
		3EBD20D01CCE205000905452 /* CUPUS Mobile broker */ = {
			isa = PBXNativeTarget;
			buildConfigurationList = 3EBD20F91CCE205100905452 /* Build configuration list for PBXNativeTarget "CUPUS Mobile broker" */;
			buildPhases = (
				558A34DF16D958E0F1BF7763 /* [CP] Check Pods Manifest.lock */,
				3EBD20CD1CCE205000905452 /* Sources */,
				3EBD20CE1CCE205000905452 /* Frameworks */,
				3EBD20CF1CCE205000905452 /* Resources */,
				1871BFEB0A32937C25466EF4 /* [CP] Embed Pods Frameworks */,
				94E56F0BF6B28D0AB9E906DB /* [CP] Copy Pods Resources */,
			);
			buildRules = (
			);
			dependencies = (
			);
			name = "CUPUS Mobile broker";
			productName = "CUPUS Mobile broker";
			productReference = 3EBD20D11CCE205000905452 /* CUPUS Mobile broker.app */;
			productType = "com.apple.product-type.application";
		};
		3EBD20E41CCE205100905452 /* CUPUS Mobile brokerTests */ = {
			isa = PBXNativeTarget;
			buildConfigurationList = 3EBD20FC1CCE205100905452 /* Build configuration list for PBXNativeTarget "CUPUS Mobile brokerTests" */;
			buildPhases = (
				C8EBC6491132BD9C9201DCA2 /* [CP] Check Pods Manifest.lock */,
				3EBD20E11CCE205100905452 /* Sources */,
				3EBD20E21CCE205100905452 /* Frameworks */,
				3EBD20E31CCE205100905452 /* Resources */,
				5642D0F5A84043B608B65D86 /* [CP] Embed Pods Frameworks */,
				BC0D4F38AAF16608A795529B /* [CP] Copy Pods Resources */,
			);
			buildRules = (
			);
			dependencies = (
				3EE874351D059B5B005195A5 /* PBXTargetDependency */,
			);
			name = "CUPUS Mobile brokerTests";
			productName = "CUPUS Mobile brokerTests";
			productReference = 3EBD20E51CCE205100905452 /* CUPUS Mobile brokerTests.xctest */;
			productType = "com.apple.product-type.bundle.unit-test";
		};
		3EBD20EF1CCE205100905452 /* CUPUS Mobile brokerUITests */ = {
			isa = PBXNativeTarget;
			buildConfigurationList = 3EBD20FF1CCE205100905452 /* Build configuration list for PBXNativeTarget "CUPUS Mobile brokerUITests" */;
			buildPhases = (
				C22F401F5DAF70E824570A58 /* [CP] Check Pods Manifest.lock */,
				3EBD20EC1CCE205100905452 /* Sources */,
				3EBD20ED1CCE205100905452 /* Frameworks */,
				3EBD20EE1CCE205100905452 /* Resources */,
				291E757DC9D22370FBB7D96D /* [CP] Copy Pods Resources */,
			);
			buildRules = (
			);
			dependencies = (
				3EBD20F21CCE205100905452 /* PBXTargetDependency */,
			);
			name = "CUPUS Mobile brokerUITests";
			productName = "CUPUS Mobile brokerUITests";
			productReference = 3EBD20F01CCE205100905452 /* CUPUS Mobile brokerUITests.xctest */;
			productType = "com.apple.product-type.bundle.ui-testing";
		};
		3EFEE3131D058DFC00215EA8 /* SocketTest */ = {
			isa = PBXNativeTarget;
			buildConfigurationList = 3EFEE31B1D058DFC00215EA8 /* Build configuration list for PBXNativeTarget "SocketTest" */;
			buildPhases = (
				5EBA5B6012CD8F901503CB3B /* [CP] Check Pods Manifest.lock */,
				3EFEE3101D058DFC00215EA8 /* Sources */,
				3EFEE3111D058DFC00215EA8 /* Frameworks */,
				3EFEE3121D058DFC00215EA8 /* Resources */,
				8DBA1027D616A64F982EAD2F /* [CP] Embed Pods Frameworks */,
				682B0DE6E7077CE65A8C496F /* [CP] Copy Pods Resources */,
			);
			buildRules = (
			);
			dependencies = (
				3EFEE31A1D058DFC00215EA8 /* PBXTargetDependency */,
			);
			name = SocketTest;
			productName = SocketTest;
			productReference = 3EFEE3141D058DFC00215EA8 /* SocketTest.xctest */;
			productType = "com.apple.product-type.bundle.unit-test";
		};
/* End PBXNativeTarget section */

/* Begin PBXProject section */
		3EBD20C91CCE205000905452 /* Project object */ = {
			isa = PBXProject;
			attributes = {
				LastSwiftUpdateCheck = 0730;
				LastUpgradeCheck = 0730;
				ORGANIZATIONNAME = fer;
				TargetAttributes = {
					3EBD20D01CCE205000905452 = {
						CreatedOnToolsVersion = 7.3;
						DevelopmentTeam = UQ456767XG;
					};
					3EBD20E41CCE205100905452 = {
						CreatedOnToolsVersion = 7.3;
						TestTargetID = 3EBD20D01CCE205000905452;
					};
					3EBD20EF1CCE205100905452 = {
						CreatedOnToolsVersion = 7.3;
						TestTargetID = 3EBD20D01CCE205000905452;
					};
					3EFEE3131D058DFC00215EA8 = {
						CreatedOnToolsVersion = 7.3.1;
						TestTargetID = 3EBD20D01CCE205000905452;
					};
				};
			};
			buildConfigurationList = 3EBD20CC1CCE205000905452 /* Build configuration list for PBXProject "CUPUS Mobile broker" */;
			compatibilityVersion = "Xcode 3.2";
			developmentRegion = English;
			hasScannedForEncodings = 0;
			knownRegions = (
				en,
				Base,
			);
			mainGroup = 3EBD20C81CCE205000905452;
			productRefGroup = 3EBD20D21CCE205000905452 /* Products */;
			projectDirPath = "";
			projectRoot = "";
			targets = (
				3EBD20D01CCE205000905452 /* CUPUS Mobile broker */,
				3EBD20E41CCE205100905452 /* CUPUS Mobile brokerTests */,
				3EBD20EF1CCE205100905452 /* CUPUS Mobile brokerUITests */,
				3EFEE3131D058DFC00215EA8 /* SocketTest */,
			);
		};
/* End PBXProject section */

/* Begin PBXResourcesBuildPhase section */
		3EBD20CF1CCE205000905452 /* Resources */ = {
			isa = PBXResourcesBuildPhase;
			buildActionMask = 2147483647;
			files = (
				3E68D5D61CCE5A31002C8D63 /* OneLabelRightImageTableViewCell.xib in Resources */,
				3EBD20DF1CCE205100905452 /* LaunchScreen.storyboard in Resources */,
				3EBD20DC1CCE205100905452 /* Assets.xcassets in Resources */,
				3E68D5CB1CCE4621002C8D63 /* Generics.storyboard in Resources */,
				3EBD20DA1CCE205100905452 /* Main.storyboard in Resources */,
				3E68D5BA1CCE45F8002C8D63 /* OneLabelTableViewCell.xib in Resources */,
				3E68D5BF1CCE45F8002C8D63 /* SubtitelWithImageCell.xib in Resources */,
				3E68D5BE1CCE45F8002C8D63 /* TwoLabelLeftInfoCellImplementation.xib in Resources */,
				3E68D5BC1CCE45F8002C8D63 /* SingleLabelWithImageCell.xib in Resources */,
			);
			runOnlyForDeploymentPostprocessing = 0;
		};
		3EBD20E31CCE205100905452 /* Resources */ = {
			isa = PBXResourcesBuildPhase;
			buildActionMask = 2147483647;
			files = (
			);
			runOnlyForDeploymentPostprocessing = 0;
		};
		3EBD20EE1CCE205100905452 /* Resources */ = {
			isa = PBXResourcesBuildPhase;
			buildActionMask = 2147483647;
			files = (
			);
			runOnlyForDeploymentPostprocessing = 0;
		};
		3EFEE3121D058DFC00215EA8 /* Resources */ = {
			isa = PBXResourcesBuildPhase;
			buildActionMask = 2147483647;
			files = (
			);
			runOnlyForDeploymentPostprocessing = 0;
		};
/* End PBXResourcesBuildPhase section */

/* Begin PBXShellScriptBuildPhase section */
		1871BFEB0A32937C25466EF4 /* [CP] Embed Pods Frameworks */ = {
			isa = PBXShellScriptBuildPhase;
			buildActionMask = 2147483647;
			files = (
			);
			inputPaths = (
			);
			name = "[CP] Embed Pods Frameworks";
			outputPaths = (
			);
			runOnlyForDeploymentPostprocessing = 0;
			shellPath = /bin/sh;
			shellScript = "\"${SRCROOT}/Pods/Target Support Files/Pods-CUPUS Mobile broker/Pods-CUPUS Mobile broker-frameworks.sh\"\n";
			showEnvVarsInLog = 0;
		};
		291E757DC9D22370FBB7D96D /* [CP] Copy Pods Resources */ = {
			isa = PBXShellScriptBuildPhase;
			buildActionMask = 2147483647;
			files = (
			);
			inputPaths = (
			);
			name = "[CP] Copy Pods Resources";
			outputPaths = (
			);
			runOnlyForDeploymentPostprocessing = 0;
			shellPath = /bin/sh;
			shellScript = "\"${SRCROOT}/Pods/Target Support Files/Pods-CUPUS Mobile brokerUITests/Pods-CUPUS Mobile brokerUITests-resources.sh\"\n";
			showEnvVarsInLog = 0;
		};
		558A34DF16D958E0F1BF7763 /* [CP] Check Pods Manifest.lock */ = {
			isa = PBXShellScriptBuildPhase;
			buildActionMask = 2147483647;
			files = (
			);
			inputPaths = (
			);
			name = "[CP] Check Pods Manifest.lock";
			outputPaths = (
			);
			runOnlyForDeploymentPostprocessing = 0;
			shellPath = /bin/sh;
			shellScript = "diff \"${PODS_ROOT}/../Podfile.lock\" \"${PODS_ROOT}/Manifest.lock\" > /dev/null\nif [[ $? != 0 ]] ; then\n    cat << EOM\nerror: The sandbox is not in sync with the Podfile.lock. Run 'pod install' or update your CocoaPods installation.\nEOM\n    exit 1\nfi\n";
			showEnvVarsInLog = 0;
		};
		5642D0F5A84043B608B65D86 /* [CP] Embed Pods Frameworks */ = {
			isa = PBXShellScriptBuildPhase;
			buildActionMask = 2147483647;
			files = (
			);
			inputPaths = (
			);
			name = "[CP] Embed Pods Frameworks";
			outputPaths = (
			);
			runOnlyForDeploymentPostprocessing = 0;
			shellPath = /bin/sh;
			shellScript = "\"${SRCROOT}/Pods/Target Support Files/Pods-CUPUS Mobile brokerTests/Pods-CUPUS Mobile brokerTests-frameworks.sh\"\n";
			showEnvVarsInLog = 0;
		};
		5EBA5B6012CD8F901503CB3B /* [CP] Check Pods Manifest.lock */ = {
			isa = PBXShellScriptBuildPhase;
			buildActionMask = 2147483647;
			files = (
			);
			inputPaths = (
			);
			name = "[CP] Check Pods Manifest.lock";
			outputPaths = (
			);
			runOnlyForDeploymentPostprocessing = 0;
			shellPath = /bin/sh;
			shellScript = "diff \"${PODS_ROOT}/../Podfile.lock\" \"${PODS_ROOT}/Manifest.lock\" > /dev/null\nif [[ $? != 0 ]] ; then\n    cat << EOM\nerror: The sandbox is not in sync with the Podfile.lock. Run 'pod install' or update your CocoaPods installation.\nEOM\n    exit 1\nfi\n";
			showEnvVarsInLog = 0;
		};
		682B0DE6E7077CE65A8C496F /* [CP] Copy Pods Resources */ = {
			isa = PBXShellScriptBuildPhase;
			buildActionMask = 2147483647;
			files = (
			);
			inputPaths = (
			);
			name = "[CP] Copy Pods Resources";
			outputPaths = (
			);
			runOnlyForDeploymentPostprocessing = 0;
			shellPath = /bin/sh;
			shellScript = "\"${SRCROOT}/Pods/Target Support Files/Pods-SocketTest/Pods-SocketTest-resources.sh\"\n";
			showEnvVarsInLog = 0;
		};
		8DBA1027D616A64F982EAD2F /* [CP] Embed Pods Frameworks */ = {
			isa = PBXShellScriptBuildPhase;
			buildActionMask = 2147483647;
			files = (
			);
			inputPaths = (
			);
			name = "[CP] Embed Pods Frameworks";
			outputPaths = (
			);
			runOnlyForDeploymentPostprocessing = 0;
			shellPath = /bin/sh;
			shellScript = "\"${SRCROOT}/Pods/Target Support Files/Pods-SocketTest/Pods-SocketTest-frameworks.sh\"\n";
			showEnvVarsInLog = 0;
		};
		94E56F0BF6B28D0AB9E906DB /* [CP] Copy Pods Resources */ = {
			isa = PBXShellScriptBuildPhase;
			buildActionMask = 2147483647;
			files = (
			);
			inputPaths = (
			);
			name = "[CP] Copy Pods Resources";
			outputPaths = (
			);
			runOnlyForDeploymentPostprocessing = 0;
			shellPath = /bin/sh;
			shellScript = "\"${SRCROOT}/Pods/Target Support Files/Pods-CUPUS Mobile broker/Pods-CUPUS Mobile broker-resources.sh\"\n";
			showEnvVarsInLog = 0;
		};
		BC0D4F38AAF16608A795529B /* [CP] Copy Pods Resources */ = {
			isa = PBXShellScriptBuildPhase;
			buildActionMask = 2147483647;
			files = (
			);
			inputPaths = (
			);
			name = "[CP] Copy Pods Resources";
			outputPaths = (
			);
			runOnlyForDeploymentPostprocessing = 0;
			shellPath = /bin/sh;
			shellScript = "\"${SRCROOT}/Pods/Target Support Files/Pods-CUPUS Mobile brokerTests/Pods-CUPUS Mobile brokerTests-resources.sh\"\n";
			showEnvVarsInLog = 0;
		};
		C22F401F5DAF70E824570A58 /* [CP] Check Pods Manifest.lock */ = {
			isa = PBXShellScriptBuildPhase;
			buildActionMask = 2147483647;
			files = (
			);
			inputPaths = (
			);
			name = "[CP] Check Pods Manifest.lock";
			outputPaths = (
			);
			runOnlyForDeploymentPostprocessing = 0;
			shellPath = /bin/sh;
			shellScript = "diff \"${PODS_ROOT}/../Podfile.lock\" \"${PODS_ROOT}/Manifest.lock\" > /dev/null\nif [[ $? != 0 ]] ; then\n    cat << EOM\nerror: The sandbox is not in sync with the Podfile.lock. Run 'pod install' or update your CocoaPods installation.\nEOM\n    exit 1\nfi\n";
			showEnvVarsInLog = 0;
		};
		C8EBC6491132BD9C9201DCA2 /* [CP] Check Pods Manifest.lock */ = {
			isa = PBXShellScriptBuildPhase;
			buildActionMask = 2147483647;
			files = (
			);
			inputPaths = (
			);
			name = "[CP] Check Pods Manifest.lock";
			outputPaths = (
			);
			runOnlyForDeploymentPostprocessing = 0;
			shellPath = /bin/sh;
			shellScript = "diff \"${PODS_ROOT}/../Podfile.lock\" \"${PODS_ROOT}/Manifest.lock\" > /dev/null\nif [[ $? != 0 ]] ; then\n    cat << EOM\nerror: The sandbox is not in sync with the Podfile.lock. Run 'pod install' or update your CocoaPods installation.\nEOM\n    exit 1\nfi\n";
			showEnvVarsInLog = 0;
		};
/* End PBXShellScriptBuildPhase section */

/* Begin PBXSourcesBuildPhase section */
		3EBD20CD1CCE205000905452 /* Sources */ = {
			isa = PBXSourcesBuildPhase;
			buildActionMask = 2147483647;
			files = (
				3EFEE30D1D058C4B00215EA8 /* IRUDPSocket.swift in Sources */,
				3EBD210B1CCE21BA00905452 /* Wireframe.swift in Sources */,
				3E68D5D01CCE4795002C8D63 /* SubscriptionOptions.swift in Sources */,
				3EBD20D71CCE205100905452 /* MapViewController.swift in Sources */,
				3EFEE30B1D058C4B00215EA8 /* IRSocket.swift in Sources */,
				3E68D5BD1CCE45F8002C8D63 /* TwoLabelLeftInfoCell.swift in Sources */,
				3E68D5B81CCE45F8002C8D63 /* GenericCellImplementation.swift in Sources */,
				3EFEE30C1D058C4B00215EA8 /* IRSocketReader.swift in Sources */,
				3E68D5CA1CCE4621002C8D63 /* GenericViewControllerDecorator.swift in Sources */,
				3E49F54A1CEB3206005EE3BF /* DetectBluetoothViewController.swift in Sources */,
				3E68D59F1CCE384C002C8D63 /* LocationManager.swift in Sources */,
				3E68D5CD1CCE4621002C8D63 /* ViewControllerWithDecorator.swift in Sources */,
				3E49F54C1CEB3F87005EE3BF /* AudioRecordingPresenter.swift in Sources */,
				3EBD21101CCE2C0F00905452 /* TabbarControllerCreator.swift in Sources */,
				3E68D5B91CCE45F8002C8D63 /* OneLabelTableViewCell.swift in Sources */,
				3E68D5BB1CCE45F8002C8D63 /* SingleLabelWithImageCell.swift in Sources */,
				3E68D5C21CCE45F8002C8D63 /* IRSectionViewModel.swift in Sources */,
				3E318DD31CE20EB0006F99B6 /* AudioRecorderViewController.swift in Sources */,
				3EBD20D51CCE205100905452 /* AppDelegate.swift in Sources */,
				3E68D5C31CCE45F8002C8D63 /* IRTableView.swift in Sources */,
				3E318DCC1CE20211006F99B6 /* PublishViewController.swift in Sources */,
				3E68D5C11CCE45F8002C8D63 /* IRCellViewModel.swift in Sources */,
				3EFEE30F1D058D6200215EA8 /* SocketConnector.swift in Sources */,
				3E68D5C01CCE45F8002C8D63 /* TwoLabelOneImageTableViewCell.swift in Sources */,
				3E318DC71CE1F40D006F99B6 /* AudioLevelRecording.swift in Sources */,
				3EFEE30A1D058C4B00215EA8 /* IRSockaddr.swift in Sources */,
				3EBD210F1CCE2C0F00905452 /* BaseNavigationViewController.swift in Sources */,
				3EC35C9D1D05D8AF00EBBE47 /* IRSocketListener.swift in Sources */,
				3E68D5D21CCE4A67002C8D63 /* Subscription.swift in Sources */,
				3E68D5CC1CCE4621002C8D63 /* GenericTableViewController.swift in Sources */,
				3E03078D1CE33E21003CCA3F /* SensorsDetector.swift in Sources */,
				3EE2F1171CEC9EBC008A2669 /* Delay.swift in Sources */,
				3E68D5D41CCE4D8C002C8D63 /* Alerts.swift in Sources */,
				3E68D5A31CCE40B8002C8D63 /* SettingsViewController.swift in Sources */,
				3EFEE3091D058C4B00215EA8 /* IRDataTransform.swift in Sources */,
			);
			runOnlyForDeploymentPostprocessing = 0;
		};
		3EBD20E11CCE205100905452 /* Sources */ = {
			isa = PBXSourcesBuildPhase;
			buildActionMask = 2147483647;
			files = (
				3EBD20EA1CCE205100905452 /* SocketTest.swift in Sources */,
				3E914D3D1D05BBEA00841B5B /* SocketBindTest.swift in Sources */,
				3EC35CCC1D05E29300EBBE47 /* SocketSendTest.swift in Sources */,
				3E914D3B1D05B90F00841B5B /* SocketAddressTest.swift in Sources */,
			);
			runOnlyForDeploymentPostprocessing = 0;
		};
		3EBD20EC1CCE205100905452 /* Sources */ = {
			isa = PBXSourcesBuildPhase;
			buildActionMask = 2147483647;
			files = (
				3EBD20F51CCE205100905452 /* CUPUS_Mobile_brokerUITests.swift in Sources */,
			);
			runOnlyForDeploymentPostprocessing = 0;
		};
		3EFEE3101D058DFC00215EA8 /* Sources */ = {
			isa = PBXSourcesBuildPhase;
			buildActionMask = 2147483647;
			files = (
			);
			runOnlyForDeploymentPostprocessing = 0;
		};
/* End PBXSourcesBuildPhase section */

/* Begin PBXTargetDependency section */
		3EBD20F21CCE205100905452 /* PBXTargetDependency */ = {
			isa = PBXTargetDependency;
			target = 3EBD20D01CCE205000905452 /* CUPUS Mobile broker */;
			targetProxy = 3EBD20F11CCE205100905452 /* PBXContainerItemProxy */;
		};
		3EE874351D059B5B005195A5 /* PBXTargetDependency */ = {
			isa = PBXTargetDependency;
			target = 3EBD20D01CCE205000905452 /* CUPUS Mobile broker */;
			targetProxy = 3EE874341D059B5B005195A5 /* PBXContainerItemProxy */;
		};
		3EFEE31A1D058DFC00215EA8 /* PBXTargetDependency */ = {
			isa = PBXTargetDependency;
			target = 3EBD20D01CCE205000905452 /* CUPUS Mobile broker */;
			targetProxy = 3EFEE3191D058DFC00215EA8 /* PBXContainerItemProxy */;
		};
/* End PBXTargetDependency section */

/* Begin PBXVariantGroup section */
		3EBD20D81CCE205100905452 /* Main.storyboard */ = {
			isa = PBXVariantGroup;
			children = (
				3EBD20D91CCE205100905452 /* Base */,
			);
			name = Main.storyboard;
			sourceTree = "<group>";
		};
		3EBD20DD1CCE205100905452 /* LaunchScreen.storyboard */ = {
			isa = PBXVariantGroup;
			children = (
				3EBD20DE1CCE205100905452 /* Base */,
			);
			name = LaunchScreen.storyboard;
			sourceTree = "<group>";
		};
/* End PBXVariantGroup section */

/* Begin XCBuildConfiguration section */
		3EBD20F71CCE205100905452 /* Debug */ = {
			isa = XCBuildConfiguration;
			buildSettings = {
				ALWAYS_SEARCH_USER_PATHS = NO;
				CLANG_ANALYZER_NONNULL = YES;
				CLANG_CXX_LANGUAGE_STANDARD = "gnu++0x";
				CLANG_CXX_LIBRARY = "libc++";
				CLANG_ENABLE_MODULES = YES;
				CLANG_ENABLE_OBJC_ARC = YES;
				CLANG_WARN_BOOL_CONVERSION = YES;
				CLANG_WARN_CONSTANT_CONVERSION = YES;
				CLANG_WARN_DIRECT_OBJC_ISA_USAGE = YES_ERROR;
				CLANG_WARN_EMPTY_BODY = YES;
				CLANG_WARN_ENUM_CONVERSION = YES;
				CLANG_WARN_INT_CONVERSION = YES;
				CLANG_WARN_OBJC_ROOT_CLASS = YES_ERROR;
				CLANG_WARN_UNREACHABLE_CODE = YES;
				CLANG_WARN__DUPLICATE_METHOD_MATCH = YES;
				"CODE_SIGN_IDENTITY[sdk=iphoneos*]" = "iPhone Developer";
				COPY_PHASE_STRIP = NO;
				DEBUG_INFORMATION_FORMAT = dwarf;
				ENABLE_STRICT_OBJC_MSGSEND = YES;
				ENABLE_TESTABILITY = YES;
				GCC_C_LANGUAGE_STANDARD = gnu99;
				GCC_DYNAMIC_NO_PIC = NO;
				GCC_NO_COMMON_BLOCKS = YES;
				GCC_OPTIMIZATION_LEVEL = 0;
				GCC_PREPROCESSOR_DEFINITIONS = (
					"DEBUG=1",
					"$(inherited)",
				);
				GCC_WARN_64_TO_32_BIT_CONVERSION = YES;
				GCC_WARN_ABOUT_RETURN_TYPE = YES_ERROR;
				GCC_WARN_UNDECLARED_SELECTOR = YES;
				GCC_WARN_UNINITIALIZED_AUTOS = YES_AGGRESSIVE;
				GCC_WARN_UNUSED_FUNCTION = YES;
				GCC_WARN_UNUSED_VARIABLE = YES;
				IPHONEOS_DEPLOYMENT_TARGET = 9.3;
				MTL_ENABLE_DEBUG_INFO = YES;
				ONLY_ACTIVE_ARCH = YES;
				OTHER_LDFLAGS = "$(inherited)";
				"OTHER_LDFLAGS[arch=*]" = "$(inherited)";
				SDKROOT = iphoneos;
				SWIFT_OPTIMIZATION_LEVEL = "-Onone";
				VALID_ARCHS = "arm64 armv7s armv7 armv6";
			};
			name = Debug;
		};
		3EBD20F81CCE205100905452 /* Release */ = {
			isa = XCBuildConfiguration;
			buildSettings = {
				ALWAYS_SEARCH_USER_PATHS = NO;
				CLANG_ANALYZER_NONNULL = YES;
				CLANG_CXX_LANGUAGE_STANDARD = "gnu++0x";
				CLANG_CXX_LIBRARY = "libc++";
				CLANG_ENABLE_MODULES = YES;
				CLANG_ENABLE_OBJC_ARC = YES;
				CLANG_WARN_BOOL_CONVERSION = YES;
				CLANG_WARN_CONSTANT_CONVERSION = YES;
				CLANG_WARN_DIRECT_OBJC_ISA_USAGE = YES_ERROR;
				CLANG_WARN_EMPTY_BODY = YES;
				CLANG_WARN_ENUM_CONVERSION = YES;
				CLANG_WARN_INT_CONVERSION = YES;
				CLANG_WARN_OBJC_ROOT_CLASS = YES_ERROR;
				CLANG_WARN_UNREACHABLE_CODE = YES;
				CLANG_WARN__DUPLICATE_METHOD_MATCH = YES;
				"CODE_SIGN_IDENTITY[sdk=iphoneos*]" = "iPhone Developer";
				COPY_PHASE_STRIP = NO;
				DEBUG_INFORMATION_FORMAT = "dwarf-with-dsym";
				ENABLE_NS_ASSERTIONS = NO;
				ENABLE_STRICT_OBJC_MSGSEND = YES;
				ENABLE_TESTABILITY = YES;
				GCC_C_LANGUAGE_STANDARD = gnu99;
				GCC_NO_COMMON_BLOCKS = YES;
				GCC_WARN_64_TO_32_BIT_CONVERSION = YES;
				GCC_WARN_ABOUT_RETURN_TYPE = YES_ERROR;
				GCC_WARN_UNDECLARED_SELECTOR = YES;
				GCC_WARN_UNINITIALIZED_AUTOS = YES_AGGRESSIVE;
				GCC_WARN_UNUSED_FUNCTION = YES;
				GCC_WARN_UNUSED_VARIABLE = YES;
				IPHONEOS_DEPLOYMENT_TARGET = 9.3;
				MTL_ENABLE_DEBUG_INFO = NO;
				ONLY_ACTIVE_ARCH = YES;
				OTHER_LDFLAGS = "$(inherited)";
				SDKROOT = iphoneos;
				VALIDATE_PRODUCT = YES;
				VALID_ARCHS = "arm64 armv7s armv7";
			};
			name = Release;
		};
		3EBD20FA1CCE205100905452 /* Debug */ = {
			isa = XCBuildConfiguration;
			baseConfigurationReference = E893565588146C3A60F0BDE0 /* Pods-CUPUS Mobile broker.debug.xcconfig */;
			buildSettings = {
				ASSETCATALOG_COMPILER_APPICON_NAME = AppIcon;
				CODE_SIGN_IDENTITY = "iPhone Developer";
				INFOPLIST_FILE = "CUPUS Mobile broker/Info.plist";
				IPHONEOS_DEPLOYMENT_TARGET = 8.0;
				LD_RUNPATH_SEARCH_PATHS = "$(inherited) @executable_path/Frameworks";
				PRODUCT_BUNDLE_IDENTIFIER = "FER.CUPUS-Mobile-broker";
				PRODUCT_NAME = "$(TARGET_NAME)";
			};
			name = Debug;
		};
		3EBD20FB1CCE205100905452 /* Release */ = {
			isa = XCBuildConfiguration;
			baseConfigurationReference = 83BD9A1181F3E7C69ADB936B /* Pods-CUPUS Mobile broker.release.xcconfig */;
			buildSettings = {
				ASSETCATALOG_COMPILER_APPICON_NAME = AppIcon;
				CODE_SIGN_IDENTITY = "iPhone Developer";
				INFOPLIST_FILE = "CUPUS Mobile broker/Info.plist";
				IPHONEOS_DEPLOYMENT_TARGET = 8.0;
				LD_RUNPATH_SEARCH_PATHS = "$(inherited) @executable_path/Frameworks";
				PRODUCT_BUNDLE_IDENTIFIER = "FER.CUPUS-Mobile-broker";
				PRODUCT_NAME = "$(TARGET_NAME)";
			};
			name = Release;
		};
		3EBD20FD1CCE205100905452 /* Debug */ = {
			isa = XCBuildConfiguration;
			baseConfigurationReference = DE46A49C9AF1AF52A5097F54 /* Pods-CUPUS Mobile brokerTests.debug.xcconfig */;
			buildSettings = {
				BUNDLE_LOADER = "$(TEST_HOST)";
				INFOPLIST_FILE = "CUPUS Mobile brokerTests/Info.plist";
				LD_RUNPATH_SEARCH_PATHS = "$(inherited) @executable_path/Frameworks @loader_path/Frameworks";
				PRODUCT_BUNDLE_IDENTIFIER = "FER.CUPUS-Mobile-brokerTests";
				PRODUCT_NAME = "$(TARGET_NAME)";
				TEST_HOST = "$(BUILT_PRODUCTS_DIR)/CUPUS Mobile broker.app/CUPUS Mobile broker";
			};
			name = Debug;
		};
		3EBD20FE1CCE205100905452 /* Release */ = {
			isa = XCBuildConfiguration;
			baseConfigurationReference = 81AECA9A85FFDE9D977EFE17 /* Pods-CUPUS Mobile brokerTests.release.xcconfig */;
			buildSettings = {
				BUNDLE_LOADER = "$(TEST_HOST)";
				INFOPLIST_FILE = "CUPUS Mobile brokerTests/Info.plist";
				LD_RUNPATH_SEARCH_PATHS = "$(inherited) @executable_path/Frameworks @loader_path/Frameworks";
				PRODUCT_BUNDLE_IDENTIFIER = "FER.CUPUS-Mobile-brokerTests";
				PRODUCT_NAME = "$(TARGET_NAME)";
				TEST_HOST = "$(BUILT_PRODUCTS_DIR)/CUPUS Mobile broker.app/CUPUS Mobile broker";
			};
			name = Release;
		};
		3EBD21001CCE205100905452 /* Debug */ = {
			isa = XCBuildConfiguration;
			baseConfigurationReference = 5BA7FA182B34743CC19BF9C0 /* Pods-CUPUS Mobile brokerUITests.debug.xcconfig */;
			buildSettings = {
				INFOPLIST_FILE = "CUPUS Mobile brokerUITests/Info.plist";
				LD_RUNPATH_SEARCH_PATHS = "$(inherited) @executable_path/Frameworks @loader_path/Frameworks";
				PRODUCT_BUNDLE_IDENTIFIER = "FER.CUPUS-Mobile-brokerUITests";
				PRODUCT_NAME = "$(TARGET_NAME)";
				TEST_TARGET_NAME = "CUPUS Mobile broker";
			};
			name = Debug;
		};
		3EBD21011CCE205100905452 /* Release */ = {
			isa = XCBuildConfiguration;
			baseConfigurationReference = F0495156C79915C8AF90A172 /* Pods-CUPUS Mobile brokerUITests.release.xcconfig */;
			buildSettings = {
				INFOPLIST_FILE = "CUPUS Mobile brokerUITests/Info.plist";
				LD_RUNPATH_SEARCH_PATHS = "$(inherited) @executable_path/Frameworks @loader_path/Frameworks";
				PRODUCT_BUNDLE_IDENTIFIER = "FER.CUPUS-Mobile-brokerUITests";
				PRODUCT_NAME = "$(TARGET_NAME)";
				TEST_TARGET_NAME = "CUPUS Mobile broker";
			};
			name = Release;
		};
		3EFEE31C1D058DFC00215EA8 /* Debug */ = {
			isa = XCBuildConfiguration;
			buildSettings = {
				BUNDLE_LOADER = "$(TEST_HOST)";
				INFOPLIST_FILE = SocketTest/Info.plist;
				LD_RUNPATH_SEARCH_PATHS = "$(inherited) @executable_path/Frameworks @loader_path/Frameworks";
				PRODUCT_BUNDLE_IDENTIFIER = REP.SocketTest;
				PRODUCT_NAME = "$(TARGET_NAME)";
				TEST_HOST = "$(BUILT_PRODUCTS_DIR)/CUPUS Mobile broker.app/CUPUS Mobile broker";
			};
			name = Debug;
		};
		3EFEE31D1D058DFC00215EA8 /* Release */ = {
			isa = XCBuildConfiguration;
			buildSettings = {
				BUNDLE_LOADER = "$(TEST_HOST)";
				INFOPLIST_FILE = SocketTest/Info.plist;
				LD_RUNPATH_SEARCH_PATHS = "$(inherited) @executable_path/Frameworks @loader_path/Frameworks";
				PRODUCT_BUNDLE_IDENTIFIER = REP.SocketTest;
				PRODUCT_NAME = "$(TARGET_NAME)";
				TEST_HOST = "$(BUILT_PRODUCTS_DIR)/CUPUS Mobile broker.app/CUPUS Mobile broker";
			};
			name = Release;
		};
/* End XCBuildConfiguration section */

/* Begin XCConfigurationList section */
		3EBD20CC1CCE205000905452 /* Build configuration list for PBXProject "CUPUS Mobile broker" */ = {
			isa = XCConfigurationList;
			buildConfigurations = (
				3EBD20F71CCE205100905452 /* Debug */,
				3EBD20F81CCE205100905452 /* Release */,
			);
			defaultConfigurationIsVisible = 0;
			defaultConfigurationName = Release;
		};
		3EBD20F91CCE205100905452 /* Build configuration list for PBXNativeTarget "CUPUS Mobile broker" */ = {
			isa = XCConfigurationList;
			buildConfigurations = (
				3EBD20FA1CCE205100905452 /* Debug */,
				3EBD20FB1CCE205100905452 /* Release */,
			);
			defaultConfigurationIsVisible = 0;
			defaultConfigurationName = Release;
		};
		3EBD20FC1CCE205100905452 /* Build configuration list for PBXNativeTarget "CUPUS Mobile brokerTests" */ = {
			isa = XCConfigurationList;
			buildConfigurations = (
				3EBD20FD1CCE205100905452 /* Debug */,
				3EBD20FE1CCE205100905452 /* Release */,
			);
			defaultConfigurationIsVisible = 0;
			defaultConfigurationName = Release;
		};
		3EBD20FF1CCE205100905452 /* Build configuration list for PBXNativeTarget "CUPUS Mobile brokerUITests" */ = {
			isa = XCConfigurationList;
			buildConfigurations = (
				3EBD21001CCE205100905452 /* Debug */,
				3EBD21011CCE205100905452 /* Release */,
			);
			defaultConfigurationIsVisible = 0;
			defaultConfigurationName = Release;
		};
		3EFEE31B1D058DFC00215EA8 /* Build configuration list for PBXNativeTarget "SocketTest" */ = {
			isa = XCConfigurationList;
			buildConfigurations = (
				3EFEE31C1D058DFC00215EA8 /* Debug */,
				3EFEE31D1D058DFC00215EA8 /* Release */,
			);
			defaultConfigurationIsVisible = 0;
			defaultConfigurationName = Release;
		};
/* End XCConfigurationList section */
	};
	rootObject = 3EBD20C91CCE205000905452 /* Project object */;
}
