// !$*UTF8*$!
{
	archiveVersion = 1;
	classes = {
	};
	objectVersion = 46;
	objects = {

/* Begin PBXBuildFile section */
		3EBD20D51CCE205100905452 /* AppDelegate.swift in Sources */ = {isa = PBXBuildFile; fileRef = 3EBD20D41CCE205100905452 /* AppDelegate.swift */; };
		3EBD20D71CCE205100905452 /* ViewController.swift in Sources */ = {isa = PBXBuildFile; fileRef = 3EBD20D61CCE205100905452 /* ViewController.swift */; };
		3EBD20DA1CCE205100905452 /* Main.storyboard in Resources */ = {isa = PBXBuildFile; fileRef = 3EBD20D81CCE205100905452 /* Main.storyboard */; };
		3EBD20DC1CCE205100905452 /* Assets.xcassets in Resources */ = {isa = PBXBuildFile; fileRef = 3EBD20DB1CCE205100905452 /* Assets.xcassets */; };
		3EBD20DF1CCE205100905452 /* LaunchScreen.storyboard in Resources */ = {isa = PBXBuildFile; fileRef = 3EBD20DD1CCE205100905452 /* LaunchScreen.storyboard */; };
		3EBD20EA1CCE205100905452 /* CUPUS_Mobile_brokerTests.swift in Sources */ = {isa = PBXBuildFile; fileRef = 3EBD20E91CCE205100905452 /* CUPUS_Mobile_brokerTests.swift */; };
		3EBD20F51CCE205100905452 /* CUPUS_Mobile_brokerUITests.swift in Sources */ = {isa = PBXBuildFile; fileRef = 3EBD20F41CCE205100905452 /* CUPUS_Mobile_brokerUITests.swift */; };
		3EBD210B1CCE21BA00905452 /* Wireframe.swift in Sources */ = {isa = PBXBuildFile; fileRef = 3EBD21091CCE21BA00905452 /* Wireframe.swift */; };
		3EBD210F1CCE2C0F00905452 /* BaseNavigationViewController.swift in Sources */ = {isa = PBXBuildFile; fileRef = 3EBD210D1CCE2C0F00905452 /* BaseNavigationViewController.swift */; };
		3EBD21101CCE2C0F00905452 /* TabbarControllerCreator.swift in Sources */ = {isa = PBXBuildFile; fileRef = 3EBD210E1CCE2C0F00905452 /* TabbarControllerCreator.swift */; };
/* End PBXBuildFile section */

/* Begin PBXContainerItemProxy section */
		3EBD20E61CCE205100905452 /* PBXContainerItemProxy */ = {
			isa = PBXContainerItemProxy;
			containerPortal = 3EBD20C91CCE205000905452 /* Project object */;
			proxyType = 1;
			remoteGlobalIDString = 3EBD20D01CCE205000905452;
			remoteInfo = "CUPUS Mobile broker";
		};
		3EBD20F11CCE205100905452 /* PBXContainerItemProxy */ = {
			isa = PBXContainerItemProxy;
			containerPortal = 3EBD20C91CCE205000905452 /* Project object */;
			proxyType = 1;
			remoteGlobalIDString = 3EBD20D01CCE205000905452;
			remoteInfo = "CUPUS Mobile broker";
		};
/* End PBXContainerItemProxy section */

/* Begin PBXFileReference section */
		3EBD20D11CCE205000905452 /* CUPUS Mobile broker.app */ = {isa = PBXFileReference; explicitFileType = wrapper.application; includeInIndex = 0; path = "CUPUS Mobile broker.app"; sourceTree = BUILT_PRODUCTS_DIR; };
		3EBD20D41CCE205100905452 /* AppDelegate.swift */ = {isa = PBXFileReference; lastKnownFileType = sourcecode.swift; path = AppDelegate.swift; sourceTree = "<group>"; };
		3EBD20D61CCE205100905452 /* ViewController.swift */ = {isa = PBXFileReference; lastKnownFileType = sourcecode.swift; path = ViewController.swift; sourceTree = "<group>"; };
		3EBD20D91CCE205100905452 /* Base */ = {isa = PBXFileReference; lastKnownFileType = file.storyboard; name = Base; path = Base.lproj/Main.storyboard; sourceTree = "<group>"; };
		3EBD20DB1CCE205100905452 /* Assets.xcassets */ = {isa = PBXFileReference; lastKnownFileType = folder.assetcatalog; path = Assets.xcassets; sourceTree = "<group>"; };
		3EBD20DE1CCE205100905452 /* Base */ = {isa = PBXFileReference; lastKnownFileType = file.storyboard; name = Base; path = Base.lproj/LaunchScreen.storyboard; sourceTree = "<group>"; };
		3EBD20E01CCE205100905452 /* Info.plist */ = {isa = PBXFileReference; lastKnownFileType = text.plist.xml; path = Info.plist; sourceTree = "<group>"; };
		3EBD20E51CCE205100905452 /* CUPUS Mobile brokerTests.xctest */ = {isa = PBXFileReference; explicitFileType = wrapper.cfbundle; includeInIndex = 0; path = "CUPUS Mobile brokerTests.xctest"; sourceTree = BUILT_PRODUCTS_DIR; };
		3EBD20E91CCE205100905452 /* CUPUS_Mobile_brokerTests.swift */ = {isa = PBXFileReference; lastKnownFileType = sourcecode.swift; path = CUPUS_Mobile_brokerTests.swift; sourceTree = "<group>"; };
		3EBD20EB1CCE205100905452 /* Info.plist */ = {isa = PBXFileReference; lastKnownFileType = text.plist.xml; path = Info.plist; sourceTree = "<group>"; };
		3EBD20F01CCE205100905452 /* CUPUS Mobile brokerUITests.xctest */ = {isa = PBXFileReference; explicitFileType = wrapper.cfbundle; includeInIndex = 0; path = "CUPUS Mobile brokerUITests.xctest"; sourceTree = BUILT_PRODUCTS_DIR; };
		3EBD20F41CCE205100905452 /* CUPUS_Mobile_brokerUITests.swift */ = {isa = PBXFileReference; lastKnownFileType = sourcecode.swift; path = CUPUS_Mobile_brokerUITests.swift; sourceTree = "<group>"; };
		3EBD20F61CCE205100905452 /* Info.plist */ = {isa = PBXFileReference; lastKnownFileType = text.plist.xml; path = Info.plist; sourceTree = "<group>"; };
		3EBD21091CCE21BA00905452 /* Wireframe.swift */ = {isa = PBXFileReference; fileEncoding = 4; lastKnownFileType = sourcecode.swift; path = Wireframe.swift; sourceTree = "<group>"; };
		3EBD210D1CCE2C0F00905452 /* BaseNavigationViewController.swift */ = {isa = PBXFileReference; fileEncoding = 4; lastKnownFileType = sourcecode.swift; path = BaseNavigationViewController.swift; sourceTree = "<group>"; };
		3EBD210E1CCE2C0F00905452 /* TabbarControllerCreator.swift */ = {isa = PBXFileReference; fileEncoding = 4; lastKnownFileType = sourcecode.swift; path = TabbarControllerCreator.swift; sourceTree = "<group>"; };
/* End PBXFileReference section */

/* Begin PBXFrameworksBuildPhase section */
		3EBD20CE1CCE205000905452 /* Frameworks */ = {
			isa = PBXFrameworksBuildPhase;
			buildActionMask = 2147483647;
			files = (
			);
			runOnlyForDeploymentPostprocessing = 0;
		};
		3EBD20E21CCE205100905452 /* Frameworks */ = {
			isa = PBXFrameworksBuildPhase;
			buildActionMask = 2147483647;
			files = (
			);
			runOnlyForDeploymentPostprocessing = 0;
		};
		3EBD20ED1CCE205100905452 /* Frameworks */ = {
			isa = PBXFrameworksBuildPhase;
			buildActionMask = 2147483647;
			files = (
			);
			runOnlyForDeploymentPostprocessing = 0;
		};
/* End PBXFrameworksBuildPhase section */

/* Begin PBXGroup section */
		3EBD20C81CCE205000905452 = {
			isa = PBXGroup;
			children = (
				3EBD20D31CCE205100905452 /* CUPUS Mobile broker */,
				3EBD20E81CCE205100905452 /* CUPUS Mobile brokerTests */,
				3EBD20F31CCE205100905452 /* CUPUS Mobile brokerUITests */,
				3EBD20D21CCE205000905452 /* Products */,
			);
			sourceTree = "<group>";
		};
		3EBD20D21CCE205000905452 /* Products */ = {
			isa = PBXGroup;
			children = (
				3EBD20D11CCE205000905452 /* CUPUS Mobile broker.app */,
				3EBD20E51CCE205100905452 /* CUPUS Mobile brokerTests.xctest */,
				3EBD20F01CCE205100905452 /* CUPUS Mobile brokerUITests.xctest */,
			);
			name = Products;
			sourceTree = "<group>";
		};
		3EBD20D31CCE205100905452 /* CUPUS Mobile broker */ = {
			isa = PBXGroup;
			children = (
				3EBD21071CCE21BA00905452 /* Wireframe */,
				3EBD20D41CCE205100905452 /* AppDelegate.swift */,
				3EBD20D61CCE205100905452 /* ViewController.swift */,
				3EBD20D81CCE205100905452 /* Main.storyboard */,
				3EBD20DB1CCE205100905452 /* Assets.xcassets */,
				3EBD20DD1CCE205100905452 /* LaunchScreen.storyboard */,
				3EBD20E01CCE205100905452 /* Info.plist */,
			);
			path = "CUPUS Mobile broker";
			sourceTree = "<group>";
		};
		3EBD20E81CCE205100905452 /* CUPUS Mobile brokerTests */ = {
			isa = PBXGroup;
			children = (
				3EBD20E91CCE205100905452 /* CUPUS_Mobile_brokerTests.swift */,
				3EBD20EB1CCE205100905452 /* Info.plist */,
			);
			path = "CUPUS Mobile brokerTests";
			sourceTree = "<group>";
		};
		3EBD20F31CCE205100905452 /* CUPUS Mobile brokerUITests */ = {
			isa = PBXGroup;
			children = (
				3EBD20F41CCE205100905452 /* CUPUS_Mobile_brokerUITests.swift */,
				3EBD20F61CCE205100905452 /* Info.plist */,
			);
			path = "CUPUS Mobile brokerUITests";
			sourceTree = "<group>";
		};
		3EBD21071CCE21BA00905452 /* Wireframe */ = {
			isa = PBXGroup;
			children = (
				3EBD210C1CCE2C0F00905452 /* TabbarController */,
				3EBD21091CCE21BA00905452 /* Wireframe.swift */,
			);
			path = Wireframe;
			sourceTree = "<group>";
		};
		3EBD210C1CCE2C0F00905452 /* TabbarController */ = {
			isa = PBXGroup;
			children = (
				3EBD210D1CCE2C0F00905452 /* BaseNavigationViewController.swift */,
				3EBD210E1CCE2C0F00905452 /* TabbarControllerCreator.swift */,
			);
			path = TabbarController;
			sourceTree = "<group>";
		};
/* End PBXGroup section */

/* Begin PBXNativeTarget section */
		3EBD20D01CCE205000905452 /* CUPUS Mobile broker */ = {
			isa = PBXNativeTarget;
			buildConfigurationList = 3EBD20F91CCE205100905452 /* Build configuration list for PBXNativeTarget "CUPUS Mobile broker" */;
			buildPhases = (
				3EBD20CD1CCE205000905452 /* Sources */,
				3EBD20CE1CCE205000905452 /* Frameworks */,
				3EBD20CF1CCE205000905452 /* Resources */,
			);
			buildRules = (
			);
			dependencies = (
			);
			name = "CUPUS Mobile broker";
			productName = "CUPUS Mobile broker";
			productReference = 3EBD20D11CCE205000905452 /* CUPUS Mobile broker.app */;
			productType = "com.apple.product-type.application";
		};
		3EBD20E41CCE205100905452 /* CUPUS Mobile brokerTests */ = {
			isa = PBXNativeTarget;
			buildConfigurationList = 3EBD20FC1CCE205100905452 /* Build configuration list for PBXNativeTarget "CUPUS Mobile brokerTests" */;
			buildPhases = (
				3EBD20E11CCE205100905452 /* Sources */,
				3EBD20E21CCE205100905452 /* Frameworks */,
				3EBD20E31CCE205100905452 /* Resources */,
			);
			buildRules = (
			);
			dependencies = (
				3EBD20E71CCE205100905452 /* PBXTargetDependency */,
			);
			name = "CUPUS Mobile brokerTests";
			productName = "CUPUS Mobile brokerTests";
			productReference = 3EBD20E51CCE205100905452 /* CUPUS Mobile brokerTests.xctest */;
			productType = "com.apple.product-type.bundle.unit-test";
		};
		3EBD20EF1CCE205100905452 /* CUPUS Mobile brokerUITests */ = {
			isa = PBXNativeTarget;
			buildConfigurationList = 3EBD20FF1CCE205100905452 /* Build configuration list for PBXNativeTarget "CUPUS Mobile brokerUITests" */;
			buildPhases = (
				3EBD20EC1CCE205100905452 /* Sources */,
				3EBD20ED1CCE205100905452 /* Frameworks */,
				3EBD20EE1CCE205100905452 /* Resources */,
			);
			buildRules = (
			);
			dependencies = (
				3EBD20F21CCE205100905452 /* PBXTargetDependency */,
			);
			name = "CUPUS Mobile brokerUITests";
			productName = "CUPUS Mobile brokerUITests";
			productReference = 3EBD20F01CCE205100905452 /* CUPUS Mobile brokerUITests.xctest */;
			productType = "com.apple.product-type.bundle.ui-testing";
		};
/* End PBXNativeTarget section */

/* Begin PBXProject section */
		3EBD20C91CCE205000905452 /* Project object */ = {
			isa = PBXProject;
			attributes = {
				LastSwiftUpdateCheck = 0730;
				LastUpgradeCheck = 0730;
				ORGANIZATIONNAME = fer;
				TargetAttributes = {
					3EBD20D01CCE205000905452 = {
						CreatedOnToolsVersion = 7.3;
						DevelopmentTeam = MDX989Y6D8;
					};
					3EBD20E41CCE205100905452 = {
						CreatedOnToolsVersion = 7.3;
						TestTargetID = 3EBD20D01CCE205000905452;
					};
					3EBD20EF1CCE205100905452 = {
						CreatedOnToolsVersion = 7.3;
						TestTargetID = 3EBD20D01CCE205000905452;
					};
				};
			};
			buildConfigurationList = 3EBD20CC1CCE205000905452 /* Build configuration list for PBXProject "CUPUS Mobile broker" */;
			compatibilityVersion = "Xcode 3.2";
			developmentRegion = English;
			hasScannedForEncodings = 0;
			knownRegions = (
				en,
				Base,
			);
			mainGroup = 3EBD20C81CCE205000905452;
			productRefGroup = 3EBD20D21CCE205000905452 /* Products */;
			projectDirPath = "";
			projectRoot = "";
			targets = (
				3EBD20D01CCE205000905452 /* CUPUS Mobile broker */,
				3EBD20E41CCE205100905452 /* CUPUS Mobile brokerTests */,
				3EBD20EF1CCE205100905452 /* CUPUS Mobile brokerUITests */,
			);
		};
/* End PBXProject section */

/* Begin PBXResourcesBuildPhase section */
		3EBD20CF1CCE205000905452 /* Resources */ = {
			isa = PBXResourcesBuildPhase;
			buildActionMask = 2147483647;
			files = (
				3EBD20DF1CCE205100905452 /* LaunchScreen.storyboard in Resources */,
				3EBD20DC1CCE205100905452 /* Assets.xcassets in Resources */,
				3EBD20DA1CCE205100905452 /* Main.storyboard in Resources */,
			);
			runOnlyForDeploymentPostprocessing = 0;
		};
		3EBD20E31CCE205100905452 /* Resources */ = {
			isa = PBXResourcesBuildPhase;
			buildActionMask = 2147483647;
			files = (
			);
			runOnlyForDeploymentPostprocessing = 0;
		};
		3EBD20EE1CCE205100905452 /* Resources */ = {
			isa = PBXResourcesBuildPhase;
			buildActionMask = 2147483647;
			files = (
			);
			runOnlyForDeploymentPostprocessing = 0;
		};
/* End PBXResourcesBuildPhase section */

/* Begin PBXSourcesBuildPhase section */
		3EBD20CD1CCE205000905452 /* Sources */ = {
			isa = PBXSourcesBuildPhase;
			buildActionMask = 2147483647;
			files = (
				3EBD210B1CCE21BA00905452 /* Wireframe.swift in Sources */,
				3EBD20D71CCE205100905452 /* ViewController.swift in Sources */,
				3EBD21101CCE2C0F00905452 /* TabbarControllerCreator.swift in Sources */,
				3EBD20D51CCE205100905452 /* AppDelegate.swift in Sources */,
				3EBD210F1CCE2C0F00905452 /* BaseNavigationViewController.swift in Sources */,
			);
			runOnlyForDeploymentPostprocessing = 0;
		};
		3EBD20E11CCE205100905452 /* Sources */ = {
			isa = PBXSourcesBuildPhase;
			buildActionMask = 2147483647;
			files = (
				3EBD20EA1CCE205100905452 /* CUPUS_Mobile_brokerTests.swift in Sources */,
			);
			runOnlyForDeploymentPostprocessing = 0;
		};
		3EBD20EC1CCE205100905452 /* Sources */ = {
			isa = PBXSourcesBuildPhase;
			buildActionMask = 2147483647;
			files = (
				3EBD20F51CCE205100905452 /* CUPUS_Mobile_brokerUITests.swift in Sources */,
			);
			runOnlyForDeploymentPostprocessing = 0;
		};
/* End PBXSourcesBuildPhase section */

/* Begin PBXTargetDependency section */
		3EBD20E71CCE205100905452 /* PBXTargetDependency */ = {
			isa = PBXTargetDependency;
			target = 3EBD20D01CCE205000905452 /* CUPUS Mobile broker */;
			targetProxy = 3EBD20E61CCE205100905452 /* PBXContainerItemProxy */;
		};
		3EBD20F21CCE205100905452 /* PBXTargetDependency */ = {
			isa = PBXTargetDependency;
			target = 3EBD20D01CCE205000905452 /* CUPUS Mobile broker */;
			targetProxy = 3EBD20F11CCE205100905452 /* PBXContainerItemProxy */;
		};
/* End PBXTargetDependency section */

/* Begin PBXVariantGroup section */
		3EBD20D81CCE205100905452 /* Main.storyboard */ = {
			isa = PBXVariantGroup;
			children = (
				3EBD20D91CCE205100905452 /* Base */,
			);
			name = Main.storyboard;
			sourceTree = "<group>";
		};
		3EBD20DD1CCE205100905452 /* LaunchScreen.storyboard */ = {
			isa = PBXVariantGroup;
			children = (
				3EBD20DE1CCE205100905452 /* Base */,
			);
			name = LaunchScreen.storyboard;
			sourceTree = "<group>";
		};
/* End PBXVariantGroup section */

/* Begin XCBuildConfiguration section */
		3EBD20F71CCE205100905452 /* Debug */ = {
			isa = XCBuildConfiguration;
			buildSettings = {
				ALWAYS_SEARCH_USER_PATHS = NO;
				CLANG_ANALYZER_NONNULL = YES;
				CLANG_CXX_LANGUAGE_STANDARD = "gnu++0x";
				CLANG_CXX_LIBRARY = "libc++";
				CLANG_ENABLE_MODULES = YES;
				CLANG_ENABLE_OBJC_ARC = YES;
				CLANG_WARN_BOOL_CONVERSION = YES;
				CLANG_WARN_CONSTANT_CONVERSION = YES;
				CLANG_WARN_DIRECT_OBJC_ISA_USAGE = YES_ERROR;
				CLANG_WARN_EMPTY_BODY = YES;
				CLANG_WARN_ENUM_CONVERSION = YES;
				CLANG_WARN_INT_CONVERSION = YES;
				CLANG_WARN_OBJC_ROOT_CLASS = YES_ERROR;
				CLANG_WARN_UNREACHABLE_CODE = YES;
				CLANG_WARN__DUPLICATE_METHOD_MATCH = YES;
				"CODE_SIGN_IDENTITY[sdk=iphoneos*]" = "iPhone Developer";
				COPY_PHASE_STRIP = NO;
				DEBUG_INFORMATION_FORMAT = dwarf;
				ENABLE_STRICT_OBJC_MSGSEND = YES;
				ENABLE_TESTABILITY = YES;
				GCC_C_LANGUAGE_STANDARD = gnu99;
				GCC_DYNAMIC_NO_PIC = NO;
				GCC_NO_COMMON_BLOCKS = YES;
				GCC_OPTIMIZATION_LEVEL = 0;
				GCC_PREPROCESSOR_DEFINITIONS = (
					"DEBUG=1",
					"$(inherited)",
				);
				GCC_WARN_64_TO_32_BIT_CONVERSION = YES;
				GCC_WARN_ABOUT_RETURN_TYPE = YES_ERROR;
				GCC_WARN_UNDECLARED_SELECTOR = YES;
				GCC_WARN_UNINITIALIZED_AUTOS = YES_AGGRESSIVE;
				GCC_WARN_UNUSED_FUNCTION = YES;
				GCC_WARN_UNUSED_VARIABLE = YES;
				IPHONEOS_DEPLOYMENT_TARGET = 9.3;
				MTL_ENABLE_DEBUG_INFO = YES;
				ONLY_ACTIVE_ARCH = YES;
				SDKROOT = iphoneos;
				SWIFT_OPTIMIZATION_LEVEL = "-Onone";
			};
			name = Debug;
		};
		3EBD20F81CCE205100905452 /* Release */ = {
			isa = XCBuildConfiguration;
			buildSettings = {
				ALWAYS_SEARCH_USER_PATHS = NO;
				CLANG_ANALYZER_NONNULL = YES;
				CLANG_CXX_LANGUAGE_STANDARD = "gnu++0x";
				CLANG_CXX_LIBRARY = "libc++";
				CLANG_ENABLE_MODULES = YES;
				CLANG_ENABLE_OBJC_ARC = YES;
				CLANG_WARN_BOOL_CONVERSION = YES;
				CLANG_WARN_CONSTANT_CONVERSION = YES;
				CLANG_WARN_DIRECT_OBJC_ISA_USAGE = YES_ERROR;
				CLANG_WARN_EMPTY_BODY = YES;
				CLANG_WARN_ENUM_CONVERSION = YES;
				CLANG_WARN_INT_CONVERSION = YES;
				CLANG_WARN_OBJC_ROOT_CLASS = YES_ERROR;
				CLANG_WARN_UNREACHABLE_CODE = YES;
				CLANG_WARN__DUPLICATE_METHOD_MATCH = YES;
				"CODE_SIGN_IDENTITY[sdk=iphoneos*]" = "iPhone Developer";
				COPY_PHASE_STRIP = NO;
				DEBUG_INFORMATION_FORMAT = "dwarf-with-dsym";
				ENABLE_NS_ASSERTIONS = NO;
				ENABLE_STRICT_OBJC_MSGSEND = YES;
				GCC_C_LANGUAGE_STANDARD = gnu99;
				GCC_NO_COMMON_BLOCKS = YES;
				GCC_WARN_64_TO_32_BIT_CONVERSION = YES;
				GCC_WARN_ABOUT_RETURN_TYPE = YES_ERROR;
				GCC_WARN_UNDECLARED_SELECTOR = YES;
				GCC_WARN_UNINITIALIZED_AUTOS = YES_AGGRESSIVE;
				GCC_WARN_UNUSED_FUNCTION = YES;
				GCC_WARN_UNUSED_VARIABLE = YES;
				IPHONEOS_DEPLOYMENT_TARGET = 9.3;
				MTL_ENABLE_DEBUG_INFO = NO;
				SDKROOT = iphoneos;
				VALIDATE_PRODUCT = YES;
			};
			name = Release;
		};
		3EBD20FA1CCE205100905452 /* Debug */ = {
			isa = XCBuildConfiguration;
			buildSettings = {
				ASSETCATALOG_COMPILER_APPICON_NAME = AppIcon;
				CODE_SIGN_IDENTITY = "iPhone Developer";
				INFOPLIST_FILE = "CUPUS Mobile broker/Info.plist";
				IPHONEOS_DEPLOYMENT_TARGET = 8.0;
				LD_RUNPATH_SEARCH_PATHS = "$(inherited) @executable_path/Frameworks";
				PRODUCT_BUNDLE_IDENTIFIER = "FER.CUPUS-Mobile-broker";
				PRODUCT_NAME = "$(TARGET_NAME)";
			};
			name = Debug;
		};
		3EBD20FB1CCE205100905452 /* Release */ = {
			isa = XCBuildConfiguration;
			buildSettings = {
				ASSETCATALOG_COMPILER_APPICON_NAME = AppIcon;
				CODE_SIGN_IDENTITY = "iPhone Developer";
				INFOPLIST_FILE = "CUPUS Mobile broker/Info.plist";
				IPHONEOS_DEPLOYMENT_TARGET = 8.0;
				LD_RUNPATH_SEARCH_PATHS = "$(inherited) @executable_path/Frameworks";
				PRODUCT_BUNDLE_IDENTIFIER = "FER.CUPUS-Mobile-broker";
				PRODUCT_NAME = "$(TARGET_NAME)";
			};
			name = Release;
		};
		3EBD20FD1CCE205100905452 /* Debug */ = {
			isa = XCBuildConfiguration;
			buildSettings = {
				BUNDLE_LOADER = "$(TEST_HOST)";
				INFOPLIST_FILE = "CUPUS Mobile brokerTests/Info.plist";
				LD_RUNPATH_SEARCH_PATHS = "$(inherited) @executable_path/Frameworks @loader_path/Frameworks";
				PRODUCT_BUNDLE_IDENTIFIER = "FER.CUPUS-Mobile-brokerTests";
				PRODUCT_NAME = "$(TARGET_NAME)";
				TEST_HOST = "$(BUILT_PRODUCTS_DIR)/CUPUS Mobile broker.app/CUPUS Mobile broker";
			};
			name = Debug;
		};
		3EBD20FE1CCE205100905452 /* Release */ = {
			isa = XCBuildConfiguration;
			buildSettings = {
				BUNDLE_LOADER = "$(TEST_HOST)";
				INFOPLIST_FILE = "CUPUS Mobile brokerTests/Info.plist";
				LD_RUNPATH_SEARCH_PATHS = "$(inherited) @executable_path/Frameworks @loader_path/Frameworks";
				PRODUCT_BUNDLE_IDENTIFIER = "FER.CUPUS-Mobile-brokerTests";
				PRODUCT_NAME = "$(TARGET_NAME)";
				TEST_HOST = "$(BUILT_PRODUCTS_DIR)/CUPUS Mobile broker.app/CUPUS Mobile broker";
			};
			name = Release;
		};
		3EBD21001CCE205100905452 /* Debug */ = {
			isa = XCBuildConfiguration;
			buildSettings = {
				INFOPLIST_FILE = "CUPUS Mobile brokerUITests/Info.plist";
				LD_RUNPATH_SEARCH_PATHS = "$(inherited) @executable_path/Frameworks @loader_path/Frameworks";
				PRODUCT_BUNDLE_IDENTIFIER = "FER.CUPUS-Mobile-brokerUITests";
				PRODUCT_NAME = "$(TARGET_NAME)";
				TEST_TARGET_NAME = "CUPUS Mobile broker";
			};
			name = Debug;
		};
		3EBD21011CCE205100905452 /* Release */ = {
			isa = XCBuildConfiguration;
			buildSettings = {
				INFOPLIST_FILE = "CUPUS Mobile brokerUITests/Info.plist";
				LD_RUNPATH_SEARCH_PATHS = "$(inherited) @executable_path/Frameworks @loader_path/Frameworks";
				PRODUCT_BUNDLE_IDENTIFIER = "FER.CUPUS-Mobile-brokerUITests";
				PRODUCT_NAME = "$(TARGET_NAME)";
				TEST_TARGET_NAME = "CUPUS Mobile broker";
			};
			name = Release;
		};
/* End XCBuildConfiguration section */

/* Begin XCConfigurationList section */
		3EBD20CC1CCE205000905452 /* Build configuration list for PBXProject "CUPUS Mobile broker" */ = {
			isa = XCConfigurationList;
			buildConfigurations = (
				3EBD20F71CCE205100905452 /* Debug */,
				3EBD20F81CCE205100905452 /* Release */,
			);
			defaultConfigurationIsVisible = 0;
			defaultConfigurationName = Release;
		};
		3EBD20F91CCE205100905452 /* Build configuration list for PBXNativeTarget "CUPUS Mobile broker" */ = {
			isa = XCConfigurationList;
			buildConfigurations = (
				3EBD20FA1CCE205100905452 /* Debug */,
				3EBD20FB1CCE205100905452 /* Release */,
			);
			defaultConfigurationIsVisible = 0;
		};
		3EBD20FC1CCE205100905452 /* Build configuration list for PBXNativeTarget "CUPUS Mobile brokerTests" */ = {
			isa = XCConfigurationList;
			buildConfigurations = (
				3EBD20FD1CCE205100905452 /* Debug */,
				3EBD20FE1CCE205100905452 /* Release */,
			);
			defaultConfigurationIsVisible = 0;
		};
		3EBD20FF1CCE205100905452 /* Build configuration list for PBXNativeTarget "CUPUS Mobile brokerUITests" */ = {
			isa = XCConfigurationList;
			buildConfigurations = (
				3EBD21001CCE205100905452 /* Debug */,
				3EBD21011CCE205100905452 /* Release */,
			);
			defaultConfigurationIsVisible = 0;
		};
/* End XCConfigurationList section */
	};
	rootObject = 3EBD20C91CCE205000905452 /* Project object */;
}
